
Microsoft Visual Studio Solution File, Format Version 12.00
# Visual Studio 15
VisualStudioVersion = 15.0.28307.168
MinimumVisualStudioVersion = 10.0.40219.1
Project("{9A19103F-16F7-4668-BE54-9A1E7A4F7556}") = "IRO.Reflection.Core", "IRO.Reflection.Core\IRO.Reflection.Core.csproj", "{AD0908EA-4FD4-414E-B2D1-5CFD33935BE9}"
EndProject
Project("{2150E333-8FDC-42A3-9474-1A3956D46DE8}") = "tests", "tests", "{12219122-B929-4AF5-8C95-1630C48153B1}"
EndProject
Project("{9A19103F-16F7-4668-BE54-9A1E7A4F7556}") = "IRO.Reflection.CodeGen", "IRO.Reflection.CodeGen\IRO.Reflection.CodeGen.csproj", "{A89B27DD-444E-4DE0-9E61-CC837ECDA9FB}"
EndProject
Project("{9A19103F-16F7-4668-BE54-9A1E7A4F7556}") = "IRO.Reflection.Map", "IRO.Reflection.Map\IRO.Reflection.Map.csproj", "{7B346EE5-DCBC-4E71-BE4B-5E6C0DED91FE}"
EndProject
Project("{9A19103F-16F7-4668-BE54-9A1E7A4F7556}") = "IRO.Reflection.Map.Metadata", "IRO.Reflection.Map.Metadata\IRO.Reflection.Map.Metadata.csproj", "{86550D70-1785-418A-933A-65B0F25FF3A2}"
EndProject
Project("{9A19103F-16F7-4668-BE54-9A1E7A4F7556}") = "IRO.Reflection.SummarySearch", "IRO.Reflection.SummaryWithReflection\IRO.Reflection.SummarySearch.csproj", "{08DD194A-F43B-4E04-B684-6D7E00242E61}"
EndProject
Project("{FAE04EC0-301F-11D3-BF4B-00C04F79EFBC}") = "IRO_Tests.ReflectionMapTest", "Tests\IRO_Tests.ReflectionMapTest\IRO_Tests.ReflectionMapTest.csproj", "{05F1941A-441F-411E-BBCC-26E3BA288AD9}"
EndProject
Project("{FAE04EC0-301F-11D3-BF4B-00C04F79EFBC}") = "IRO.Reflection", "IRO.Reflection\IRO.Reflection.csproj", "{49F58238-F918-40EE-9AB9-17CB3B4B4CF7}"
EndProject

Project("{2150E333-8FDC-42A3-9474-1A3956D46DE8}") = "build", "build", "{89473878-A5C0-46DB-B734-98B04539D3B5}"
	ProjectSection(SolutionItems) = preProject
		Build\Local.Base.props = Build\Local.Base.props
		Build\Local.NetStandard.props = Build\Local.NetStandard.props
	EndProjectSection
EndProject
Global
	GlobalSection(SolutionConfigurationPlatforms) = preSolution
		Debug|Any CPU = Debug|Any CPU
		Release|Any CPU = Release|Any CPU
	EndGlobalSection
	GlobalSection(ProjectConfigurationPlatforms) = postSolution
		{AD0908EA-4FD4-414E-B2D1-5CFD33935BE9}.Debug|Any CPU.ActiveCfg = Debug|Any CPU
		{AD0908EA-4FD4-414E-B2D1-5CFD33935BE9}.Debug|Any CPU.Build.0 = Debug|Any CPU
		{AD0908EA-4FD4-414E-B2D1-5CFD33935BE9}.Release|Any CPU.ActiveCfg = Release|Any CPU
		{AD0908EA-4FD4-414E-B2D1-5CFD33935BE9}.Release|Any CPU.Build.0 = Release|Any CPU
		{A89B27DD-444E-4DE0-9E61-CC837ECDA9FB}.Debug|Any CPU.ActiveCfg = Debug|Any CPU
		{A89B27DD-444E-4DE0-9E61-CC837ECDA9FB}.Debug|Any CPU.Build.0 = Debug|Any CPU
		{A89B27DD-444E-4DE0-9E61-CC837ECDA9FB}.Release|Any CPU.ActiveCfg = Release|Any CPU
		{A89B27DD-444E-4DE0-9E61-CC837ECDA9FB}.Release|Any CPU.Build.0 = Release|Any CPU
		{7B346EE5-DCBC-4E71-BE4B-5E6C0DED91FE}.Debug|Any CPU.ActiveCfg = Debug|Any CPU
		{7B346EE5-DCBC-4E71-BE4B-5E6C0DED91FE}.Debug|Any CPU.Build.0 = Debug|Any CPU
		{7B346EE5-DCBC-4E71-BE4B-5E6C0DED91FE}.Release|Any CPU.ActiveCfg = Release|Any CPU
		{7B346EE5-DCBC-4E71-BE4B-5E6C0DED91FE}.Release|Any CPU.Build.0 = Release|Any CPU
		{86550D70-1785-418A-933A-65B0F25FF3A2}.Debug|Any CPU.ActiveCfg = Debug|Any CPU
		{86550D70-1785-418A-933A-65B0F25FF3A2}.Debug|Any CPU.Build.0 = Debug|Any CPU
		{86550D70-1785-418A-933A-65B0F25FF3A2}.Release|Any CPU.ActiveCfg = Release|Any CPU
		{86550D70-1785-418A-933A-65B0F25FF3A2}.Release|Any CPU.Build.0 = Release|Any CPU
		{08DD194A-F43B-4E04-B684-6D7E00242E61}.Debug|Any CPU.ActiveCfg = Debug|Any CPU
		{08DD194A-F43B-4E04-B684-6D7E00242E61}.Debug|Any CPU.Build.0 = Debug|Any CPU
		{08DD194A-F43B-4E04-B684-6D7E00242E61}.Release|Any CPU.ActiveCfg = Release|Any CPU
		{08DD194A-F43B-4E04-B684-6D7E00242E61}.Release|Any CPU.Build.0 = Release|Any CPU
		{05F1941A-441F-411E-BBCC-26E3BA288AD9}.Debug|Any CPU.ActiveCfg = Debug|Any CPU
		{05F1941A-441F-411E-BBCC-26E3BA288AD9}.Debug|Any CPU.Build.0 = Debug|Any CPU
		{05F1941A-441F-411E-BBCC-26E3BA288AD9}.Release|Any CPU.ActiveCfg = Release|Any CPU
		{05F1941A-441F-411E-BBCC-26E3BA288AD9}.Release|Any CPU.Build.0 = Release|Any CPU
		{49F58238-F918-40EE-9AB9-17CB3B4B4CF7}.Debug|Any CPU.ActiveCfg = Debug|Any CPU
		{49F58238-F918-40EE-9AB9-17CB3B4B4CF7}.Debug|Any CPU.Build.0 = Debug|Any CPU
		{49F58238-F918-40EE-9AB9-17CB3B4B4CF7}.Release|Any CPU.ActiveCfg = Release|Any CPU
		{49F58238-F918-40EE-9AB9-17CB3B4B4CF7}.Release|Any CPU.Build.0 = Release|Any CPU
	EndGlobalSection
	GlobalSection(SolutionProperties) = preSolution
		HideSolutionNode = FALSE
	EndGlobalSection
	GlobalSection(NestedProjects) = preSolution
		{05F1941A-441F-411E-BBCC-26E3BA288AD9} = {12219122-B929-4AF5-8C95-1630C48153B1}
	EndGlobalSection
	GlobalSection(ExtensibilityGlobals) = postSolution
		SolutionGuid = {20D79647-1141-40B2-B067-E8FF851B3500}
	EndGlobalSection
EndGlobal
