
Microsoft Visual Studio Solution File, Format Version 12.00
# Visual Studio 15
VisualStudioVersion = 15.0.27428.2043
MinimumVisualStudioVersion = 10.0.40219.1
Project("{9A19103F-16F7-4668-BE54-9A1E7A4F7556}") = "ItRollingOut.Tools.CmdLine", "Common\ItRollingOut.Tools.CmdLine\ItRollingOut.Tools.CmdLine.csproj", "{842F7620-085C-4DEF-B206-2F50259C5DCB}"
EndProject
Project("{9A19103F-16F7-4668-BE54-9A1E7A4F7556}") = "ItRollingOut.Tools", "Common\ItRollingOut.Tools\ItRollingOut.Tools.csproj", "{52DBA08F-AD9B-4438-94ED-710EEB5B47F8}"
EndProject
Project("{9A19103F-16F7-4668-BE54-9A1E7A4F7556}") = "ItRollingOut.Tools.Storage", "Storage\ItRollingOut.Tools.Storage\ItRollingOut.Tools.Storage.csproj", "{C9205D3F-4F2A-4932-94ED-37C8A8F4E97B}"
EndProject
Project("{9A19103F-16F7-4668-BE54-9A1E7A4F7556}") = "ItRollingOut.Tools.Storage.JsonFileStorage", "Storage\ItRollingOut.Tools.Storage.JsonFileStorage\ItRollingOut.Tools.Storage.JsonFileStorage.csproj", "{E8056F3A-5CEC-491E-9B96-984BAB32AA1B}"
EndProject
Project("{9A19103F-16F7-4668-BE54-9A1E7A4F7556}") = "ItRollingOut.Tools.Storage.WithLiteDB", "Storage\ItRollingOut.Tools.Storage.WithLiteDB\ItRollingOut.Tools.Storage.WithLiteDB.csproj", "{DAA72853-BDCB-4D05-9FE5-254DD8115648}"
EndProject
Project("{9A19103F-16F7-4668-BE54-9A1E7A4F7556}") = "ItRollingOut.Tools.Localization", "Common\ItRollingOut.Tools.Localization\ItRollingOut.Tools.Localization.csproj", "{CD3CF8E5-EC81-457D-A769-FD010378D120}"
EndProject
Project("{FAE04EC0-301F-11D3-BF4B-00C04F79EFBC}") = "ReflectionMapTest", "Tests\ReflectionMapTest\ReflectionMapTest.csproj", "{05F1941A-441F-411E-BBCC-26E3BA288AD9}"
EndProject
Project("{2150E333-8FDC-42A3-9474-1A3956D46DE8}") = "Tests", "Tests", "{CCD136CE-A389-464D-9F0F-88F6CAC00412}"
EndProject
Project("{9A19103F-16F7-4668-BE54-9A1E7A4F7556}") = "LocalizationTest", "Tests\LocalizationTest\LocalizationTest.csproj", "{7AA2E5B6-3077-49A4-9BE7-9459C7085223}"
EndProject
Project("{9A19103F-16F7-4668-BE54-9A1E7A4F7556}") = "CmdTest", "Tests\CmdTest\CmdTest.csproj", "{F248E809-752A-4192-BD16-BCB22BA0A77F}"
EndProject
Project("{2150E333-8FDC-42A3-9474-1A3956D46DE8}") = "Common", "Common", "{7F497377-DC0C-4D28-9B3C-250B06D88790}"
EndProject
Project("{2150E333-8FDC-42A3-9474-1A3956D46DE8}") = "Reflection", "Reflection", "{00697718-778A-4B29-88F9-C64BDC732571}"
EndProject
Project("{2150E333-8FDC-42A3-9474-1A3956D46DE8}") = "Storage", "Storage", "{2A43F8CA-3126-489B-88AF-AAD1ADDDECCE}"
EndProject
Project("{2150E333-8FDC-42A3-9474-1A3956D46DE8}") = "MvcPart", "MvcPart", "{E7F8E5BC-F90A-4AF3-A90C-FE031D5B4695}"
EndProject
Project("{2150E333-8FDC-42A3-9474-1A3956D46DE8}") = "CustomIoc", "CustomIoc", "{E2104BBE-9E87-4547-8D49-597D1768F71B}"
EndProject
Project("{9A19103F-16F7-4668-BE54-9A1E7A4F7556}") = "ItRollingOut.Tests.PureBindingsTest", "Tests\ItRollingOut.Tests.PureBindingsTest\ItRollingOut.Tests.PureBindingsTest.csproj", "{D28099FE-0FF0-4E29-8580-2629F369D92E}"
EndProject
Project("{9A19103F-16F7-4668-BE54-9A1E7A4F7556}") = "ItRollingOut.Tools.Reflection", "Reflection\ItRollingOut.Tools.Reflection\ItRollingOut.Tools.Reflection.csproj", "{C8E36F8E-0550-4422-A492-B220D3F8DB7A}"
EndProject
Project("{9A19103F-16F7-4668-BE54-9A1E7A4F7556}") = "ItRollingOut.Tools.Reflection.Map", "Reflection\ItRollingOut.Tools.Reflection.Map\ItRollingOut.Tools.Reflection.Map.csproj", "{A46D5001-685B-4EC6-A735-708C13E805BF}"
EndProject
Project("{9A19103F-16F7-4668-BE54-9A1E7A4F7556}") = "ItRollingOut.Tools.Reflection.Map.Metadata", "Reflection\ItRollingOut.Tools.Reflection.Map.Metadata\ItRollingOut.Tools.Reflection.Map.Metadata.csproj", "{B7491877-F1B1-4DF9-94EC-19B9B367EB87}"
EndProject
Project("{9A19103F-16F7-4668-BE54-9A1E7A4F7556}") = "ItRollingOut.Tools.Reflection.SummarySearch", "Reflection\ItRollingOut.Tools.Reflection.SummaryWithReflection\ItRollingOut.Tools.Reflection.SummarySearch.csproj", "{A0016FB8-B617-4335-9C74-56BCADE6509A}"
EndProject
Project("{9A19103F-16F7-4668-BE54-9A1E7A4F7556}") = "ItRollingOut.Tools.MvcPart", "MvcPart\ItRollingOut.Tools.MvcPart\ItRollingOut.Tools.MvcPart.csproj", "{FC0D84C8-2F40-44EC-84DC-5DA395007A31}"
EndProject
Project("{9A19103F-16F7-4668-BE54-9A1E7A4F7556}") = "ItRollingOut.Tools.PureBinding", "MvcPart\ItRollingOut.Tools.PureBinding\ItRollingOut.Tools.PureBinding.csproj", "{15029C9F-20A6-4EAF-93C2-CD99B10452D9}"
EndProject
Project("{9A19103F-16F7-4668-BE54-9A1E7A4F7556}") = "ItRollingOut.CustomIoc", "CustomIoc\ItRollingOut.CustomIoc\ItRollingOut.CustomIoc.csproj", "{22AA9D30-A0BE-464A-89E7-5C371BAEFD92}"
EndProject
Project("{2150E333-8FDC-42A3-9474-1A3956D46DE8}") = "FileOperations", "FileOperations", "{238F0AA8-E751-40AE-9ABC-6CCB9FB04BF1}"
EndProject
Project("{9A19103F-16F7-4668-BE54-9A1E7A4F7556}") = "ItRollingOut.Tools.FilesReplacerUtil", "FileOperations\ItRollingOut.Tools.FilesReplacerUtil\ItRollingOut.Tools.FilesReplacerUtil.csproj", "{7A6D2B89-EC23-469B-AFE4-0C75DD492605}"
EndProject
Project("{9A19103F-16F7-4668-BE54-9A1E7A4F7556}") = "ItRollingOut.Tools.FilesReplacerUtil.CmdUtil", "FileOperations\ItRollingOut.Tools.FilesReplacerUtil.CmdUtil\ItRollingOut.Tools.FilesReplacerUtil.CmdUtil.csproj", "{A977FCA1-E69C-4989-9698-1166069A9530}"
EndProject
Project("{9A19103F-16F7-4668-BE54-9A1E7A4F7556}") = "ItRollingOut.Tools.ImprovedFileOperations", "FileOperations\ItRollingOut.Tools.ImprovedFileOperations\ItRollingOut.Tools.ImprovedFileOperations.csproj", "{87CF3BD3-1467-4B60-9C16-A36AE364FBB0}"
EndProject
Project("{9A19103F-16F7-4668-BE54-9A1E7A4F7556}") = "IocTests", "Tests\IocTests\IocTests.csproj", "{CE8854AB-1713-484E-AA49-1B88459865C3}"
EndProject
Project("{9A19103F-16F7-4668-BE54-9A1E7A4F7556}") = "SwashbuckleTest", "Tests\SwashbuckleTest\SwashbuckleTest.csproj", "{2E389120-CFB4-4449-BD8A-C81897433D91}"
EndProject
Project("{9A19103F-16F7-4668-BE54-9A1E7A4F7556}") = "ItRollingOut.Tools.CoolSwagger", "MvcPart\ItRollingOut.Tools.CoolSwagger\ItRollingOut.Tools.CoolSwagger.csproj", "{481382A9-EEB0-491F-9DBF-CC954AADB62F}"
EndProject
Project("{9A19103F-16F7-4668-BE54-9A1E7A4F7556}") = "ItRollingOut.Tools.Reflection.CodeGen", "Reflection\ItRollingOut.Tools.Reflection.CodeGen\ItRollingOut.Tools.Reflection.CodeGen.csproj", "{A6C54B09-1DEE-4BBB-809B-3D06152AB39D}"
EndProject
Project("{9A19103F-16F7-4668-BE54-9A1E7A4F7556}") = "ItRollingOut.Tools.MvcExceptionHandler", "MvcPart\ItRollingOut.Tools.MvcExceptionHandler\ItRollingOut.Tools.MvcExceptionHandler.csproj", "{E3D63875-0DD5-40A8-9490-3D6C1EC96AEA}"
EndProject
Project("{9A19103F-16F7-4668-BE54-9A1E7A4F7556}") = "AlgorithmsTest", "Tests\AlgorithmsTest\AlgorithmsTest.csproj", "{FD0D28B0-4DC8-49CA-9C1E-3766A4595934}"
EndProject
Global
	GlobalSection(SolutionConfigurationPlatforms) = preSolution
		Debug|Any CPU = Debug|Any CPU
		Release|Any CPU = Release|Any CPU
	EndGlobalSection
	GlobalSection(ProjectConfigurationPlatforms) = postSolution
		{842F7620-085C-4DEF-B206-2F50259C5DCB}.Debug|Any CPU.ActiveCfg = Debug|Any CPU
		{842F7620-085C-4DEF-B206-2F50259C5DCB}.Debug|Any CPU.Build.0 = Debug|Any CPU
		{842F7620-085C-4DEF-B206-2F50259C5DCB}.Release|Any CPU.ActiveCfg = Release|Any CPU
		{842F7620-085C-4DEF-B206-2F50259C5DCB}.Release|Any CPU.Build.0 = Release|Any CPU
		{52DBA08F-AD9B-4438-94ED-710EEB5B47F8}.Debug|Any CPU.ActiveCfg = Debug|Any CPU
		{52DBA08F-AD9B-4438-94ED-710EEB5B47F8}.Debug|Any CPU.Build.0 = Debug|Any CPU
		{52DBA08F-AD9B-4438-94ED-710EEB5B47F8}.Release|Any CPU.ActiveCfg = Release|Any CPU
		{52DBA08F-AD9B-4438-94ED-710EEB5B47F8}.Release|Any CPU.Build.0 = Release|Any CPU
		{C9205D3F-4F2A-4932-94ED-37C8A8F4E97B}.Debug|Any CPU.ActiveCfg = Debug|Any CPU
		{C9205D3F-4F2A-4932-94ED-37C8A8F4E97B}.Debug|Any CPU.Build.0 = Debug|Any CPU
		{C9205D3F-4F2A-4932-94ED-37C8A8F4E97B}.Release|Any CPU.ActiveCfg = Release|Any CPU
		{C9205D3F-4F2A-4932-94ED-37C8A8F4E97B}.Release|Any CPU.Build.0 = Release|Any CPU
		{E8056F3A-5CEC-491E-9B96-984BAB32AA1B}.Debug|Any CPU.ActiveCfg = Debug|Any CPU
		{E8056F3A-5CEC-491E-9B96-984BAB32AA1B}.Debug|Any CPU.Build.0 = Debug|Any CPU
		{E8056F3A-5CEC-491E-9B96-984BAB32AA1B}.Release|Any CPU.ActiveCfg = Release|Any CPU
		{E8056F3A-5CEC-491E-9B96-984BAB32AA1B}.Release|Any CPU.Build.0 = Release|Any CPU
		{DAA72853-BDCB-4D05-9FE5-254DD8115648}.Debug|Any CPU.ActiveCfg = Debug|Any CPU
		{DAA72853-BDCB-4D05-9FE5-254DD8115648}.Debug|Any CPU.Build.0 = Debug|Any CPU
		{DAA72853-BDCB-4D05-9FE5-254DD8115648}.Release|Any CPU.ActiveCfg = Release|Any CPU
		{DAA72853-BDCB-4D05-9FE5-254DD8115648}.Release|Any CPU.Build.0 = Release|Any CPU
		{CD3CF8E5-EC81-457D-A769-FD010378D120}.Debug|Any CPU.ActiveCfg = Debug|Any CPU
		{CD3CF8E5-EC81-457D-A769-FD010378D120}.Debug|Any CPU.Build.0 = Debug|Any CPU
		{CD3CF8E5-EC81-457D-A769-FD010378D120}.Release|Any CPU.ActiveCfg = Release|Any CPU
		{CD3CF8E5-EC81-457D-A769-FD010378D120}.Release|Any CPU.Build.0 = Release|Any CPU
		{05F1941A-441F-411E-BBCC-26E3BA288AD9}.Debug|Any CPU.ActiveCfg = Debug|Any CPU
		{05F1941A-441F-411E-BBCC-26E3BA288AD9}.Debug|Any CPU.Build.0 = Debug|Any CPU
		{05F1941A-441F-411E-BBCC-26E3BA288AD9}.Release|Any CPU.ActiveCfg = Release|Any CPU
		{05F1941A-441F-411E-BBCC-26E3BA288AD9}.Release|Any CPU.Build.0 = Release|Any CPU
		{7AA2E5B6-3077-49A4-9BE7-9459C7085223}.Debug|Any CPU.ActiveCfg = Debug|Any CPU
		{7AA2E5B6-3077-49A4-9BE7-9459C7085223}.Debug|Any CPU.Build.0 = Debug|Any CPU
		{7AA2E5B6-3077-49A4-9BE7-9459C7085223}.Release|Any CPU.ActiveCfg = Release|Any CPU
		{7AA2E5B6-3077-49A4-9BE7-9459C7085223}.Release|Any CPU.Build.0 = Release|Any CPU
		{F248E809-752A-4192-BD16-BCB22BA0A77F}.Debug|Any CPU.ActiveCfg = Debug|Any CPU
		{F248E809-752A-4192-BD16-BCB22BA0A77F}.Debug|Any CPU.Build.0 = Debug|Any CPU
		{F248E809-752A-4192-BD16-BCB22BA0A77F}.Release|Any CPU.ActiveCfg = Release|Any CPU
		{F248E809-752A-4192-BD16-BCB22BA0A77F}.Release|Any CPU.Build.0 = Release|Any CPU
		{D28099FE-0FF0-4E29-8580-2629F369D92E}.Debug|Any CPU.ActiveCfg = Debug|Any CPU
		{D28099FE-0FF0-4E29-8580-2629F369D92E}.Debug|Any CPU.Build.0 = Debug|Any CPU
		{D28099FE-0FF0-4E29-8580-2629F369D92E}.Release|Any CPU.ActiveCfg = Release|Any CPU
		{D28099FE-0FF0-4E29-8580-2629F369D92E}.Release|Any CPU.Build.0 = Release|Any CPU
		{C8E36F8E-0550-4422-A492-B220D3F8DB7A}.Debug|Any CPU.ActiveCfg = Debug|Any CPU
		{C8E36F8E-0550-4422-A492-B220D3F8DB7A}.Debug|Any CPU.Build.0 = Debug|Any CPU
		{C8E36F8E-0550-4422-A492-B220D3F8DB7A}.Release|Any CPU.ActiveCfg = Release|Any CPU
		{C8E36F8E-0550-4422-A492-B220D3F8DB7A}.Release|Any CPU.Build.0 = Release|Any CPU
		{A46D5001-685B-4EC6-A735-708C13E805BF}.Debug|Any CPU.ActiveCfg = Debug|Any CPU
		{A46D5001-685B-4EC6-A735-708C13E805BF}.Debug|Any CPU.Build.0 = Debug|Any CPU
		{A46D5001-685B-4EC6-A735-708C13E805BF}.Release|Any CPU.ActiveCfg = Release|Any CPU
		{A46D5001-685B-4EC6-A735-708C13E805BF}.Release|Any CPU.Build.0 = Release|Any CPU
		{B7491877-F1B1-4DF9-94EC-19B9B367EB87}.Debug|Any CPU.ActiveCfg = Debug|Any CPU
		{B7491877-F1B1-4DF9-94EC-19B9B367EB87}.Debug|Any CPU.Build.0 = Debug|Any CPU
		{B7491877-F1B1-4DF9-94EC-19B9B367EB87}.Release|Any CPU.ActiveCfg = Release|Any CPU
		{B7491877-F1B1-4DF9-94EC-19B9B367EB87}.Release|Any CPU.Build.0 = Release|Any CPU
		{A0016FB8-B617-4335-9C74-56BCADE6509A}.Debug|Any CPU.ActiveCfg = Debug|Any CPU
		{A0016FB8-B617-4335-9C74-56BCADE6509A}.Debug|Any CPU.Build.0 = Debug|Any CPU
		{A0016FB8-B617-4335-9C74-56BCADE6509A}.Release|Any CPU.ActiveCfg = Release|Any CPU
		{A0016FB8-B617-4335-9C74-56BCADE6509A}.Release|Any CPU.Build.0 = Release|Any CPU
		{FC0D84C8-2F40-44EC-84DC-5DA395007A31}.Debug|Any CPU.ActiveCfg = Debug|Any CPU
		{FC0D84C8-2F40-44EC-84DC-5DA395007A31}.Debug|Any CPU.Build.0 = Debug|Any CPU
		{FC0D84C8-2F40-44EC-84DC-5DA395007A31}.Release|Any CPU.ActiveCfg = Release|Any CPU
		{FC0D84C8-2F40-44EC-84DC-5DA395007A31}.Release|Any CPU.Build.0 = Release|Any CPU
		{15029C9F-20A6-4EAF-93C2-CD99B10452D9}.Debug|Any CPU.ActiveCfg = Debug|Any CPU
		{15029C9F-20A6-4EAF-93C2-CD99B10452D9}.Debug|Any CPU.Build.0 = Debug|Any CPU
		{15029C9F-20A6-4EAF-93C2-CD99B10452D9}.Release|Any CPU.ActiveCfg = Release|Any CPU
		{15029C9F-20A6-4EAF-93C2-CD99B10452D9}.Release|Any CPU.Build.0 = Release|Any CPU
		{22AA9D30-A0BE-464A-89E7-5C371BAEFD92}.Debug|Any CPU.ActiveCfg = Debug|Any CPU
		{22AA9D30-A0BE-464A-89E7-5C371BAEFD92}.Debug|Any CPU.Build.0 = Debug|Any CPU
		{22AA9D30-A0BE-464A-89E7-5C371BAEFD92}.Release|Any CPU.ActiveCfg = Release|Any CPU
		{22AA9D30-A0BE-464A-89E7-5C371BAEFD92}.Release|Any CPU.Build.0 = Release|Any CPU
		{7A6D2B89-EC23-469B-AFE4-0C75DD492605}.Debug|Any CPU.ActiveCfg = Debug|Any CPU
		{7A6D2B89-EC23-469B-AFE4-0C75DD492605}.Debug|Any CPU.Build.0 = Debug|Any CPU
		{7A6D2B89-EC23-469B-AFE4-0C75DD492605}.Release|Any CPU.ActiveCfg = Release|Any CPU
		{7A6D2B89-EC23-469B-AFE4-0C75DD492605}.Release|Any CPU.Build.0 = Release|Any CPU
		{A977FCA1-E69C-4989-9698-1166069A9530}.Debug|Any CPU.ActiveCfg = Debug|Any CPU
		{A977FCA1-E69C-4989-9698-1166069A9530}.Debug|Any CPU.Build.0 = Debug|Any CPU
		{A977FCA1-E69C-4989-9698-1166069A9530}.Release|Any CPU.ActiveCfg = Release|Any CPU
		{A977FCA1-E69C-4989-9698-1166069A9530}.Release|Any CPU.Build.0 = Release|Any CPU
		{87CF3BD3-1467-4B60-9C16-A36AE364FBB0}.Debug|Any CPU.ActiveCfg = Debug|Any CPU
		{87CF3BD3-1467-4B60-9C16-A36AE364FBB0}.Debug|Any CPU.Build.0 = Debug|Any CPU
		{87CF3BD3-1467-4B60-9C16-A36AE364FBB0}.Release|Any CPU.ActiveCfg = Release|Any CPU
		{87CF3BD3-1467-4B60-9C16-A36AE364FBB0}.Release|Any CPU.Build.0 = Release|Any CPU
		{CE8854AB-1713-484E-AA49-1B88459865C3}.Debug|Any CPU.ActiveCfg = Debug|Any CPU
		{CE8854AB-1713-484E-AA49-1B88459865C3}.Debug|Any CPU.Build.0 = Debug|Any CPU
		{CE8854AB-1713-484E-AA49-1B88459865C3}.Release|Any CPU.ActiveCfg = Release|Any CPU
		{CE8854AB-1713-484E-AA49-1B88459865C3}.Release|Any CPU.Build.0 = Release|Any CPU
		{2E389120-CFB4-4449-BD8A-C81897433D91}.Debug|Any CPU.ActiveCfg = Debug|Any CPU
		{2E389120-CFB4-4449-BD8A-C81897433D91}.Debug|Any CPU.Build.0 = Debug|Any CPU
		{2E389120-CFB4-4449-BD8A-C81897433D91}.Release|Any CPU.ActiveCfg = Release|Any CPU
		{2E389120-CFB4-4449-BD8A-C81897433D91}.Release|Any CPU.Build.0 = Release|Any CPU
		{481382A9-EEB0-491F-9DBF-CC954AADB62F}.Debug|Any CPU.ActiveCfg = Debug|Any CPU
		{481382A9-EEB0-491F-9DBF-CC954AADB62F}.Debug|Any CPU.Build.0 = Debug|Any CPU
		{481382A9-EEB0-491F-9DBF-CC954AADB62F}.Release|Any CPU.ActiveCfg = Release|Any CPU
		{481382A9-EEB0-491F-9DBF-CC954AADB62F}.Release|Any CPU.Build.0 = Release|Any CPU
		{A6C54B09-1DEE-4BBB-809B-3D06152AB39D}.Debug|Any CPU.ActiveCfg = Debug|Any CPU
		{A6C54B09-1DEE-4BBB-809B-3D06152AB39D}.Debug|Any CPU.Build.0 = Debug|Any CPU
		{A6C54B09-1DEE-4BBB-809B-3D06152AB39D}.Release|Any CPU.ActiveCfg = Release|Any CPU
		{A6C54B09-1DEE-4BBB-809B-3D06152AB39D}.Release|Any CPU.Build.0 = Release|Any CPU
		{E3D63875-0DD5-40A8-9490-3D6C1EC96AEA}.Debug|Any CPU.ActiveCfg = Debug|Any CPU
		{E3D63875-0DD5-40A8-9490-3D6C1EC96AEA}.Debug|Any CPU.Build.0 = Debug|Any CPU
		{E3D63875-0DD5-40A8-9490-3D6C1EC96AEA}.Release|Any CPU.ActiveCfg = Release|Any CPU
		{E3D63875-0DD5-40A8-9490-3D6C1EC96AEA}.Release|Any CPU.Build.0 = Release|Any CPU
		{FD0D28B0-4DC8-49CA-9C1E-3766A4595934}.Debug|Any CPU.ActiveCfg = Debug|Any CPU
		{FD0D28B0-4DC8-49CA-9C1E-3766A4595934}.Debug|Any CPU.Build.0 = Debug|Any CPU
		{FD0D28B0-4DC8-49CA-9C1E-3766A4595934}.Release|Any CPU.ActiveCfg = Release|Any CPU
		{FD0D28B0-4DC8-49CA-9C1E-3766A4595934}.Release|Any CPU.Build.0 = Release|Any CPU
	EndGlobalSection
	GlobalSection(SolutionProperties) = preSolution
		HideSolutionNode = FALSE
	EndGlobalSection
	GlobalSection(NestedProjects) = preSolution
		{842F7620-085C-4DEF-B206-2F50259C5DCB} = {7F497377-DC0C-4D28-9B3C-250B06D88790}
		{52DBA08F-AD9B-4438-94ED-710EEB5B47F8} = {7F497377-DC0C-4D28-9B3C-250B06D88790}
		{C9205D3F-4F2A-4932-94ED-37C8A8F4E97B} = {2A43F8CA-3126-489B-88AF-AAD1ADDDECCE}
		{E8056F3A-5CEC-491E-9B96-984BAB32AA1B} = {2A43F8CA-3126-489B-88AF-AAD1ADDDECCE}
		{DAA72853-BDCB-4D05-9FE5-254DD8115648} = {2A43F8CA-3126-489B-88AF-AAD1ADDDECCE}
		{CD3CF8E5-EC81-457D-A769-FD010378D120} = {7F497377-DC0C-4D28-9B3C-250B06D88790}
		{05F1941A-441F-411E-BBCC-26E3BA288AD9} = {CCD136CE-A389-464D-9F0F-88F6CAC00412}
		{7AA2E5B6-3077-49A4-9BE7-9459C7085223} = {CCD136CE-A389-464D-9F0F-88F6CAC00412}
		{F248E809-752A-4192-BD16-BCB22BA0A77F} = {CCD136CE-A389-464D-9F0F-88F6CAC00412}
		{D28099FE-0FF0-4E29-8580-2629F369D92E} = {CCD136CE-A389-464D-9F0F-88F6CAC00412}
		{C8E36F8E-0550-4422-A492-B220D3F8DB7A} = {00697718-778A-4B29-88F9-C64BDC732571}
		{A46D5001-685B-4EC6-A735-708C13E805BF} = {00697718-778A-4B29-88F9-C64BDC732571}
		{B7491877-F1B1-4DF9-94EC-19B9B367EB87} = {00697718-778A-4B29-88F9-C64BDC732571}
		{A0016FB8-B617-4335-9C74-56BCADE6509A} = {00697718-778A-4B29-88F9-C64BDC732571}
		{FC0D84C8-2F40-44EC-84DC-5DA395007A31} = {E7F8E5BC-F90A-4AF3-A90C-FE031D5B4695}
		{15029C9F-20A6-4EAF-93C2-CD99B10452D9} = {E7F8E5BC-F90A-4AF3-A90C-FE031D5B4695}
		{22AA9D30-A0BE-464A-89E7-5C371BAEFD92} = {E2104BBE-9E87-4547-8D49-597D1768F71B}
		{7A6D2B89-EC23-469B-AFE4-0C75DD492605} = {238F0AA8-E751-40AE-9ABC-6CCB9FB04BF1}
		{A977FCA1-E69C-4989-9698-1166069A9530} = {238F0AA8-E751-40AE-9ABC-6CCB9FB04BF1}
		{87CF3BD3-1467-4B60-9C16-A36AE364FBB0} = {238F0AA8-E751-40AE-9ABC-6CCB9FB04BF1}
		{CE8854AB-1713-484E-AA49-1B88459865C3} = {CCD136CE-A389-464D-9F0F-88F6CAC00412}
		{2E389120-CFB4-4449-BD8A-C81897433D91} = {CCD136CE-A389-464D-9F0F-88F6CAC00412}
		{481382A9-EEB0-491F-9DBF-CC954AADB62F} = {E7F8E5BC-F90A-4AF3-A90C-FE031D5B4695}
		{A6C54B09-1DEE-4BBB-809B-3D06152AB39D} = {00697718-778A-4B29-88F9-C64BDC732571}
		{E3D63875-0DD5-40A8-9490-3D6C1EC96AEA} = {E7F8E5BC-F90A-4AF3-A90C-FE031D5B4695}
		{FD0D28B0-4DC8-49CA-9C1E-3766A4595934} = {CCD136CE-A389-464D-9F0F-88F6CAC00412}
	EndGlobalSection
	GlobalSection(ExtensibilityGlobals) = postSolution
		SolutionGuid = {FA15EAC1-7737-46A9-9AE6-6D25A5CD34E0}
	EndGlobalSection
EndGlobal
