
Microsoft Visual Studio Solution File, Format Version 12.00
# Visual Studio 15
VisualStudioVersion = 15.0.27428.2043
MinimumVisualStudioVersion = 10.0.40219.1
Project("{9A19103F-16F7-4668-BE54-9A1E7A4F7556}") = "IRO.CmdLine", "src\CmdLine\IRO.CmdLine\IRO.CmdLine.csproj", "{842F7620-085C-4DEF-B206-2F50259C5DCB}"
EndProject
Project("{9A19103F-16F7-4668-BE54-9A1E7A4F7556}") = "IRO_Tests.CmdTest", "tests\IRO_Tests.CmdTest\IRO_Tests.CmdTest.csproj", "{F248E809-752A-4192-BD16-BCB22BA0A77F}"
EndProject
Project("{2150E333-8FDC-42A3-9474-1A3956D46DE8}") = "CmdLine", "CmdLine", "{CCC15F0E-D147-40E5-BA81-C1841A6C0BB2}"
EndProject
Project("{2150E333-8FDC-42A3-9474-1A3956D46DE8}") = "Solution Tests", "Solution Tests", "{78FAC66F-3AC1-489E-9D43-A25CD0C27FC1}"
EndProject
Project("{2150E333-8FDC-42A3-9474-1A3956D46DE8}") = "Solution Items", "Solution Items", "{645B685D-30B9-41AE-A709-35A4F5231558}"
	ProjectSection(SolutionItems) = preProject
		.gitignore = .gitignore
		build.ps1 = build.ps1
		scripts\copy_nupkgs__global_folder.cmd = scripts\copy_nupkgs__global_folder.cmd
		scripts\delete_nupkgs__src.cmd = scripts\delete_nupkgs__src.cmd
		Directory.Build.props = Directory.Build.props
		Directory.Build.targets = Directory.Build.targets
		Nuget.Config = Nuget.Config
	EndProjectSection
EndProject
Project("{9A19103F-16F7-4668-BE54-9A1E7A4F7556}") = "IRO.Reflection.Core", "src\Reflection\IRO.Reflection.Core\IRO.Reflection.Core.csproj", "{AD0908EA-4FD4-414E-B2D1-5CFD33935BE9}"
EndProject
Project("{9A19103F-16F7-4668-BE54-9A1E7A4F7556}") = "IRO.Reflection.CodeGen", "src\Reflection\IRO.Reflection.CodeGen\IRO.Reflection.CodeGen.csproj", "{A89B27DD-444E-4DE0-9E61-CC837ECDA9FB}"
EndProject
Project("{9A19103F-16F7-4668-BE54-9A1E7A4F7556}") = "IRO.Reflection.SummarySearch", "src\Reflection\IRO.Reflection.SummaryWithReflection\IRO.Reflection.SummarySearch.csproj", "{08DD194A-F43B-4E04-B684-6D7E00242E61}"
EndProject
Project("{FAE04EC0-301F-11D3-BF4B-00C04F79EFBC}") = "IRO_Tests.ReflectionMapTest", "tests\IRO_Tests.ReflectionMapTest\IRO_Tests.ReflectionMapTest.csproj", "{05F1941A-441F-411E-BBCC-26E3BA288AD9}"
EndProject
Project("{9A19103F-16F7-4668-BE54-9A1E7A4F7556}") = "IRO.Reflection", "src\Reflection\IRO.Reflection\IRO.Reflection.csproj", "{49F58238-F918-40EE-9AB9-17CB3B4B4CF7}"
EndProject
Project("{9A19103F-16F7-4668-BE54-9A1E7A4F7556}") = "IRO.Mvc.Core", "src\Mvc\IRO.Mvc.Core\IRO.Mvc.Core.csproj", "{74B9A996-2F08-42EC-88E8-15BC226BB170}"
EndProject
Project("{9A19103F-16F7-4668-BE54-9A1E7A4F7556}") = "IRO.Mvc.CoolSwagger", "src\Mvc\IRO.Mvc.CoolSwagger\IRO.Mvc.CoolSwagger.csproj", "{2100F5ED-8225-4986-8B11-E081AF3E020E}"
EndProject
Project("{9A19103F-16F7-4668-BE54-9A1E7A4F7556}") = "IRO.Mvc.MvcExceptionHandler", "src\Mvc\IRO.Mvc.MvcExceptionHandler\IRO.Mvc.MvcExceptionHandler.csproj", "{CC3CD309-B619-47FD-B37B-D7453A974408}"
EndProject
Project("{9A19103F-16F7-4668-BE54-9A1E7A4F7556}") = "IRO.Mvc.PureBinding", "src\Mvc\IRO.Mvc.PureBinding\IRO.Mvc.PureBinding.csproj", "{E314F491-E694-4E01-AC89-278ABE6B5A1F}"
EndProject
Project("{9A19103F-16F7-4668-BE54-9A1E7A4F7556}") = "IRO_Tests.PureBindingsTest", "tests\IRO_Tests.PureBindingsTest\IRO_Tests.PureBindingsTest.csproj", "{914C1631-89F0-43C8-8C7E-6149D6DACD0E}"
EndProject
Project("{9A19103F-16F7-4668-BE54-9A1E7A4F7556}") = "IRO_Tests.SwashbuckleTest", "tests\IRO_Tests.SwashbuckleTest\IRO_Tests.SwashbuckleTest.csproj", "{A68A6623-C845-4ADC-A074-A99F51A7145B}"
EndProject
Project("{9A19103F-16F7-4668-BE54-9A1E7A4F7556}") = "IRO.Mvc", "src\Mvc\IRO.Mvc\IRO.Mvc.csproj", "{8683C09F-1DD0-4E45-A14C-6A74C026EBB0}"
EndProject
Project("{9A19103F-16F7-4668-BE54-9A1E7A4F7556}") = "IRO.Mvc.PureBinding.SwaggerSupport", "src\Mvc\IRO.Mvc.PureBinding.SwaggerSupport\IRO.Mvc.PureBinding.SwaggerSupport.csproj", "{E23A72A6-7970-4484-A32C-22EC4ABA7882}"
EndProject
Project("{2150E333-8FDC-42A3-9474-1A3956D46DE8}") = "Reflection", "Reflection", "{2BB7CE1D-D45C-4B42-AE7E-BC88AB9B5590}"
EndProject
Project("{2150E333-8FDC-42A3-9474-1A3956D46DE8}") = "Mvc", "Mvc", "{EC7ADBF5-A8E5-4F4C-987E-1AF49156EACB}"
EndProject
Project("{2150E333-8FDC-42A3-9474-1A3956D46DE8}") = "Common", "Common", "{B5E0A75B-0688-4423-BC9C-C233E31D9492}"
EndProject
Project("{2150E333-8FDC-42A3-9474-1A3956D46DE8}") = "Cross", "Cross", "{D4128932-4A23-43E0-A6F1-F86724733C90}"
EndProject
Project("{2150E333-8FDC-42A3-9474-1A3956D46DE8}") = "Cross.ImprovedWebView", "Cross.ImprovedWebView", "{0F898513-9E65-4860-B4ED-CF07B7404B6B}"
EndProject
Project("{2150E333-8FDC-42A3-9474-1A3956D46DE8}") = "CustomIoc", "CustomIoc", "{5EC32341-E0EA-489C-816E-B2C230349495}"
EndProject
Project("{2150E333-8FDC-42A3-9474-1A3956D46DE8}") = "FileIO", "FileIO", "{B68063A5-A6ED-4B92-A671-D5EA038228DE}"
EndProject
Project("{2150E333-8FDC-42A3-9474-1A3956D46DE8}") = "Localization", "Localization", "{A4204052-98FC-4F73-9F5D-0C71C2ABD47C}"
EndProject
Project("{2150E333-8FDC-42A3-9474-1A3956D46DE8}") = "Storage", "Storage", "{680BCBA2-35DF-4EC0-A392-1E3590681936}"
EndProject
Project("{9A19103F-16F7-4668-BE54-9A1E7A4F7556}") = "IRO.Common", "src\Common\IRO.Common\IRO.Common.csproj", "{51FC5540-879D-4E2F-B5C3-BA80E5752AE2}"
EndProject
Project("{9A19103F-16F7-4668-BE54-9A1E7A4F7556}") = "IRO.Cross", "src\Cross\IRO.Cross\IRO.Cross.csproj", "{8FA70769-A64D-4319-B0DA-FE7AFE205706}"
EndProject
Project("{9A19103F-16F7-4668-BE54-9A1E7A4F7556}") = "IRO.Cross.ImprovedWebView", "src\Cross.ImprovedWebView\IRO.Cross.ImprovedWebView\IRO.Cross.ImprovedWebView.csproj", "{F0D9F60F-F0D2-48D6-B735-FDCB063F151F}"
EndProject
Project("{9A19103F-16F7-4668-BE54-9A1E7A4F7556}") = "IRO_Tests.AlgorithmsTest", "tests\IRO_Tests.AlgorithmsTest\IRO_Tests.AlgorithmsTest.csproj", "{E48358E2-D941-491D-88B4-6FF115090899}"
EndProject
Project("{FAE04EC0-301F-11D3-BF4B-00C04F79EFBC}") = "IRO_Tests.WebViewAndroidTest", "tests\IRO_Tests.WebViewAndroidTest\IRO_Tests.WebViewAndroidTest.csproj", "{3BC0AC7E-3B3B-4D3F-9CC0-B2BDECC460A6}"
EndProject
Project("{9A19103F-16F7-4668-BE54-9A1E7A4F7556}") = "IRO_Tests.IocTests", "tests\IRO_Tests.IocTests\IRO_Tests.IocTests.csproj", "{C79A06AF-1F83-4F3F-8E8E-7EEB44CBF160}"
EndProject
Project("{9A19103F-16F7-4668-BE54-9A1E7A4F7556}") = "IRO_Tests.LocalizationTest", "tests\IRO_Tests.LocalizationTest\IRO_Tests.LocalizationTest.csproj", "{79F441B9-B5EB-424C-8956-C2B0B679DEC1}"
EndProject
Project("{9A19103F-16F7-4668-BE54-9A1E7A4F7556}") = "IRO.Storage", "src\Storage\IRO.Storage\IRO.Storage.csproj", "{8F1FA595-9B70-4306-9E25-3786B7D4183A}"
EndProject
Project("{9A19103F-16F7-4668-BE54-9A1E7A4F7556}") = "IRO.Storage.JsonFileStorage", "src\Storage\IRO.Storage.JsonFileStorage\IRO.Storage.JsonFileStorage.csproj", "{1572E534-5B7E-4F8B-B24E-1C48714CFB79}"
EndProject
Project("{9A19103F-16F7-4668-BE54-9A1E7A4F7556}") = "IRO.Storage.WithLiteDB", "src\Storage\IRO.Storage.WithLiteDB\IRO.Storage.WithLiteDB.csproj", "{76008838-31FC-4EC1-9349-D1C15528E586}"
EndProject
Project("{9A19103F-16F7-4668-BE54-9A1E7A4F7556}") = "IRO.FileIO.FilesReplacerUtil", "src\FileIO\IRO.FileIO.FilesReplacerUtil\IRO.FileIO.FilesReplacerUtil.csproj", "{7470E549-2339-4479-B592-528AD2E9D827}"
EndProject
Project("{9A19103F-16F7-4668-BE54-9A1E7A4F7556}") = "IRO.FileIO.FilesReplacerUtil.CmdUtil", "src\FileIO\IRO.FileIO.FilesReplacerUtil.CmdUtil\IRO.FileIO.FilesReplacerUtil.CmdUtil.csproj", "{0867EB9B-5B6E-4B67-A482-A905656684BA}"
EndProject
Project("{9A19103F-16F7-4668-BE54-9A1E7A4F7556}") = "IRO.FileIO.ImprovedFileOperations", "src\FileIO\IRO.FileIO.ImprovedFileOperations\IRO.FileIO.ImprovedFileOperations.csproj", "{FC988344-EFCD-40E7-891E-1A8E990E3FAD}"
EndProject
Project("{9A19103F-16F7-4668-BE54-9A1E7A4F7556}") = "IRO.CustomIoc", "src\CustomIoc\IRO.CustomIoc\IRO.CustomIoc.csproj", "{805BFC86-2AAD-4372-8A42-F59CE2B39D74}"
EndProject
Project("{FAE04EC0-301F-11D3-BF4B-00C04F79EFBC}") = "IRO.Cross.ImprovedWebView.Droid", "src\Cross.ImprovedWebView\IRO.Cross.ImprovedWebView.Droid\IRO.Cross.ImprovedWebView.Droid.csproj", "{07D9DD53-EA6F-4AAA-ADA4-3A769E8F47C2}"
EndProject
Project("{FAE04EC0-301F-11D3-BF4B-00C04F79EFBC}") = "IRO.Cross.Droid", "src\Cross\IRO.Cross.Droid\IRO.Cross.Droid.csproj", "{C1170A52-E2D5-41D1-9F11-DEE3B82A4C0E}"
EndProject
Project("{9A19103F-16F7-4668-BE54-9A1E7A4F7556}") = "IRO.Localization", "src\Localization\IRO.Localization\IRO.Localization.csproj", "{ECD7BD3E-D874-469E-9549-2C482E21D3C2}"
EndProject
Project("{9A19103F-16F7-4668-BE54-9A1E7A4F7556}") = "IRO.Reflection.Map", "src\Reflection\IRO.Reflection.Map\IRO.Reflection.Map.csproj", "{5B3BC9EF-1450-4A72-84DD-0A44B232F061}"
EndProject
Project("{9A19103F-16F7-4668-BE54-9A1E7A4F7556}") = "IRO.Reflection.Map.Metadata", "src\Reflection\IRO.Reflection.Map.Metadata\IRO.Reflection.Map.Metadata.csproj", "{C414DFAC-B31C-4BF5-AE2C-DACDC12DA357}"
EndProject
Global
	GlobalSection(SolutionConfigurationPlatforms) = preSolution
		Debug|Any CPU = Debug|Any CPU
		Release|Any CPU = Release|Any CPU
	EndGlobalSection
	GlobalSection(ProjectConfigurationPlatforms) = postSolution
		{842F7620-085C-4DEF-B206-2F50259C5DCB}.Debug|Any CPU.ActiveCfg = Debug|Any CPU
		{842F7620-085C-4DEF-B206-2F50259C5DCB}.Debug|Any CPU.Build.0 = Debug|Any CPU
		{842F7620-085C-4DEF-B206-2F50259C5DCB}.Release|Any CPU.ActiveCfg = Release|Any CPU
		{842F7620-085C-4DEF-B206-2F50259C5DCB}.Release|Any CPU.Build.0 = Release|Any CPU
		{F248E809-752A-4192-BD16-BCB22BA0A77F}.Debug|Any CPU.ActiveCfg = Debug|Any CPU
		{F248E809-752A-4192-BD16-BCB22BA0A77F}.Debug|Any CPU.Build.0 = Debug|Any CPU
		{F248E809-752A-4192-BD16-BCB22BA0A77F}.Release|Any CPU.ActiveCfg = Release|Any CPU
		{F248E809-752A-4192-BD16-BCB22BA0A77F}.Release|Any CPU.Build.0 = Release|Any CPU
		{AD0908EA-4FD4-414E-B2D1-5CFD33935BE9}.Debug|Any CPU.ActiveCfg = Debug|Any CPU
		{AD0908EA-4FD4-414E-B2D1-5CFD33935BE9}.Debug|Any CPU.Build.0 = Debug|Any CPU
		{AD0908EA-4FD4-414E-B2D1-5CFD33935BE9}.Release|Any CPU.ActiveCfg = Release|Any CPU
		{AD0908EA-4FD4-414E-B2D1-5CFD33935BE9}.Release|Any CPU.Build.0 = Release|Any CPU
		{A89B27DD-444E-4DE0-9E61-CC837ECDA9FB}.Debug|Any CPU.ActiveCfg = Debug|Any CPU
		{A89B27DD-444E-4DE0-9E61-CC837ECDA9FB}.Debug|Any CPU.Build.0 = Debug|Any CPU
		{A89B27DD-444E-4DE0-9E61-CC837ECDA9FB}.Release|Any CPU.ActiveCfg = Release|Any CPU
		{A89B27DD-444E-4DE0-9E61-CC837ECDA9FB}.Release|Any CPU.Build.0 = Release|Any CPU
		{08DD194A-F43B-4E04-B684-6D7E00242E61}.Debug|Any CPU.ActiveCfg = Debug|Any CPU
		{08DD194A-F43B-4E04-B684-6D7E00242E61}.Debug|Any CPU.Build.0 = Debug|Any CPU
		{08DD194A-F43B-4E04-B684-6D7E00242E61}.Release|Any CPU.ActiveCfg = Release|Any CPU
		{08DD194A-F43B-4E04-B684-6D7E00242E61}.Release|Any CPU.Build.0 = Release|Any CPU
		{05F1941A-441F-411E-BBCC-26E3BA288AD9}.Debug|Any CPU.ActiveCfg = Debug|Any CPU
		{05F1941A-441F-411E-BBCC-26E3BA288AD9}.Debug|Any CPU.Build.0 = Debug|Any CPU
		{05F1941A-441F-411E-BBCC-26E3BA288AD9}.Release|Any CPU.ActiveCfg = Release|Any CPU
		{05F1941A-441F-411E-BBCC-26E3BA288AD9}.Release|Any CPU.Build.0 = Release|Any CPU
		{49F58238-F918-40EE-9AB9-17CB3B4B4CF7}.Debug|Any CPU.ActiveCfg = Debug|Any CPU
		{49F58238-F918-40EE-9AB9-17CB3B4B4CF7}.Debug|Any CPU.Build.0 = Debug|Any CPU
		{49F58238-F918-40EE-9AB9-17CB3B4B4CF7}.Release|Any CPU.ActiveCfg = Release|Any CPU
		{49F58238-F918-40EE-9AB9-17CB3B4B4CF7}.Release|Any CPU.Build.0 = Release|Any CPU
		{74B9A996-2F08-42EC-88E8-15BC226BB170}.Debug|Any CPU.ActiveCfg = Debug|Any CPU
		{74B9A996-2F08-42EC-88E8-15BC226BB170}.Debug|Any CPU.Build.0 = Debug|Any CPU
		{74B9A996-2F08-42EC-88E8-15BC226BB170}.Release|Any CPU.ActiveCfg = Release|Any CPU
		{74B9A996-2F08-42EC-88E8-15BC226BB170}.Release|Any CPU.Build.0 = Release|Any CPU
		{2100F5ED-8225-4986-8B11-E081AF3E020E}.Debug|Any CPU.ActiveCfg = Debug|Any CPU
		{2100F5ED-8225-4986-8B11-E081AF3E020E}.Debug|Any CPU.Build.0 = Debug|Any CPU
		{2100F5ED-8225-4986-8B11-E081AF3E020E}.Release|Any CPU.ActiveCfg = Release|Any CPU
		{2100F5ED-8225-4986-8B11-E081AF3E020E}.Release|Any CPU.Build.0 = Release|Any CPU
		{CC3CD309-B619-47FD-B37B-D7453A974408}.Debug|Any CPU.ActiveCfg = Debug|Any CPU
		{CC3CD309-B619-47FD-B37B-D7453A974408}.Debug|Any CPU.Build.0 = Debug|Any CPU
		{CC3CD309-B619-47FD-B37B-D7453A974408}.Release|Any CPU.ActiveCfg = Release|Any CPU
		{CC3CD309-B619-47FD-B37B-D7453A974408}.Release|Any CPU.Build.0 = Release|Any CPU
		{E314F491-E694-4E01-AC89-278ABE6B5A1F}.Debug|Any CPU.ActiveCfg = Debug|Any CPU
		{E314F491-E694-4E01-AC89-278ABE6B5A1F}.Debug|Any CPU.Build.0 = Debug|Any CPU
		{E314F491-E694-4E01-AC89-278ABE6B5A1F}.Release|Any CPU.ActiveCfg = Release|Any CPU
		{E314F491-E694-4E01-AC89-278ABE6B5A1F}.Release|Any CPU.Build.0 = Release|Any CPU
		{914C1631-89F0-43C8-8C7E-6149D6DACD0E}.Debug|Any CPU.ActiveCfg = Debug|Any CPU
		{914C1631-89F0-43C8-8C7E-6149D6DACD0E}.Debug|Any CPU.Build.0 = Debug|Any CPU
		{914C1631-89F0-43C8-8C7E-6149D6DACD0E}.Release|Any CPU.ActiveCfg = Release|Any CPU
		{914C1631-89F0-43C8-8C7E-6149D6DACD0E}.Release|Any CPU.Build.0 = Release|Any CPU
		{A68A6623-C845-4ADC-A074-A99F51A7145B}.Debug|Any CPU.ActiveCfg = Debug|Any CPU
		{A68A6623-C845-4ADC-A074-A99F51A7145B}.Debug|Any CPU.Build.0 = Debug|Any CPU
		{A68A6623-C845-4ADC-A074-A99F51A7145B}.Release|Any CPU.ActiveCfg = Release|Any CPU
		{A68A6623-C845-4ADC-A074-A99F51A7145B}.Release|Any CPU.Build.0 = Release|Any CPU
		{8683C09F-1DD0-4E45-A14C-6A74C026EBB0}.Debug|Any CPU.ActiveCfg = Debug|Any CPU
		{8683C09F-1DD0-4E45-A14C-6A74C026EBB0}.Debug|Any CPU.Build.0 = Debug|Any CPU
		{8683C09F-1DD0-4E45-A14C-6A74C026EBB0}.Release|Any CPU.ActiveCfg = Release|Any CPU
		{8683C09F-1DD0-4E45-A14C-6A74C026EBB0}.Release|Any CPU.Build.0 = Release|Any CPU
		{E23A72A6-7970-4484-A32C-22EC4ABA7882}.Debug|Any CPU.ActiveCfg = Debug|Any CPU
		{E23A72A6-7970-4484-A32C-22EC4ABA7882}.Debug|Any CPU.Build.0 = Debug|Any CPU
		{E23A72A6-7970-4484-A32C-22EC4ABA7882}.Release|Any CPU.ActiveCfg = Release|Any CPU
		{E23A72A6-7970-4484-A32C-22EC4ABA7882}.Release|Any CPU.Build.0 = Release|Any CPU
		{51FC5540-879D-4E2F-B5C3-BA80E5752AE2}.Debug|Any CPU.ActiveCfg = Debug|Any CPU
		{51FC5540-879D-4E2F-B5C3-BA80E5752AE2}.Debug|Any CPU.Build.0 = Debug|Any CPU
		{51FC5540-879D-4E2F-B5C3-BA80E5752AE2}.Release|Any CPU.ActiveCfg = Release|Any CPU
		{51FC5540-879D-4E2F-B5C3-BA80E5752AE2}.Release|Any CPU.Build.0 = Release|Any CPU
		{8FA70769-A64D-4319-B0DA-FE7AFE205706}.Debug|Any CPU.ActiveCfg = Debug|Any CPU
		{8FA70769-A64D-4319-B0DA-FE7AFE205706}.Debug|Any CPU.Build.0 = Debug|Any CPU
		{8FA70769-A64D-4319-B0DA-FE7AFE205706}.Release|Any CPU.ActiveCfg = Release|Any CPU
		{8FA70769-A64D-4319-B0DA-FE7AFE205706}.Release|Any CPU.Build.0 = Release|Any CPU
		{F0D9F60F-F0D2-48D6-B735-FDCB063F151F}.Debug|Any CPU.ActiveCfg = Debug|Any CPU
		{F0D9F60F-F0D2-48D6-B735-FDCB063F151F}.Debug|Any CPU.Build.0 = Debug|Any CPU
		{F0D9F60F-F0D2-48D6-B735-FDCB063F151F}.Release|Any CPU.ActiveCfg = Release|Any CPU
		{F0D9F60F-F0D2-48D6-B735-FDCB063F151F}.Release|Any CPU.Build.0 = Release|Any CPU
		{E48358E2-D941-491D-88B4-6FF115090899}.Debug|Any CPU.ActiveCfg = Debug|Any CPU
		{E48358E2-D941-491D-88B4-6FF115090899}.Debug|Any CPU.Build.0 = Debug|Any CPU
		{E48358E2-D941-491D-88B4-6FF115090899}.Release|Any CPU.ActiveCfg = Release|Any CPU
		{E48358E2-D941-491D-88B4-6FF115090899}.Release|Any CPU.Build.0 = Release|Any CPU
		{3BC0AC7E-3B3B-4D3F-9CC0-B2BDECC460A6}.Debug|Any CPU.ActiveCfg = Debug|Any CPU
		{3BC0AC7E-3B3B-4D3F-9CC0-B2BDECC460A6}.Debug|Any CPU.Build.0 = Debug|Any CPU
		{3BC0AC7E-3B3B-4D3F-9CC0-B2BDECC460A6}.Debug|Any CPU.Deploy.0 = Debug|Any CPU
		{3BC0AC7E-3B3B-4D3F-9CC0-B2BDECC460A6}.Release|Any CPU.ActiveCfg = Release|Any CPU
		{3BC0AC7E-3B3B-4D3F-9CC0-B2BDECC460A6}.Release|Any CPU.Build.0 = Release|Any CPU
		{3BC0AC7E-3B3B-4D3F-9CC0-B2BDECC460A6}.Release|Any CPU.Deploy.0 = Release|Any CPU
		{C79A06AF-1F83-4F3F-8E8E-7EEB44CBF160}.Debug|Any CPU.ActiveCfg = Debug|Any CPU
		{C79A06AF-1F83-4F3F-8E8E-7EEB44CBF160}.Debug|Any CPU.Build.0 = Debug|Any CPU
		{C79A06AF-1F83-4F3F-8E8E-7EEB44CBF160}.Release|Any CPU.ActiveCfg = Release|Any CPU
		{C79A06AF-1F83-4F3F-8E8E-7EEB44CBF160}.Release|Any CPU.Build.0 = Release|Any CPU
		{79F441B9-B5EB-424C-8956-C2B0B679DEC1}.Debug|Any CPU.ActiveCfg = Debug|Any CPU
		{79F441B9-B5EB-424C-8956-C2B0B679DEC1}.Debug|Any CPU.Build.0 = Debug|Any CPU
		{79F441B9-B5EB-424C-8956-C2B0B679DEC1}.Release|Any CPU.ActiveCfg = Release|Any CPU
		{79F441B9-B5EB-424C-8956-C2B0B679DEC1}.Release|Any CPU.Build.0 = Release|Any CPU
		{8F1FA595-9B70-4306-9E25-3786B7D4183A}.Debug|Any CPU.ActiveCfg = Debug|Any CPU
		{8F1FA595-9B70-4306-9E25-3786B7D4183A}.Debug|Any CPU.Build.0 = Debug|Any CPU
		{8F1FA595-9B70-4306-9E25-3786B7D4183A}.Release|Any CPU.ActiveCfg = Release|Any CPU
		{8F1FA595-9B70-4306-9E25-3786B7D4183A}.Release|Any CPU.Build.0 = Release|Any CPU
		{1572E534-5B7E-4F8B-B24E-1C48714CFB79}.Debug|Any CPU.ActiveCfg = Debug|Any CPU
		{1572E534-5B7E-4F8B-B24E-1C48714CFB79}.Debug|Any CPU.Build.0 = Debug|Any CPU
		{1572E534-5B7E-4F8B-B24E-1C48714CFB79}.Release|Any CPU.ActiveCfg = Release|Any CPU
		{1572E534-5B7E-4F8B-B24E-1C48714CFB79}.Release|Any CPU.Build.0 = Release|Any CPU
		{76008838-31FC-4EC1-9349-D1C15528E586}.Debug|Any CPU.ActiveCfg = Debug|Any CPU
		{76008838-31FC-4EC1-9349-D1C15528E586}.Debug|Any CPU.Build.0 = Debug|Any CPU
		{76008838-31FC-4EC1-9349-D1C15528E586}.Release|Any CPU.ActiveCfg = Release|Any CPU
		{76008838-31FC-4EC1-9349-D1C15528E586}.Release|Any CPU.Build.0 = Release|Any CPU
		{7470E549-2339-4479-B592-528AD2E9D827}.Debug|Any CPU.ActiveCfg = Debug|Any CPU
		{7470E549-2339-4479-B592-528AD2E9D827}.Debug|Any CPU.Build.0 = Debug|Any CPU
		{7470E549-2339-4479-B592-528AD2E9D827}.Release|Any CPU.ActiveCfg = Release|Any CPU
		{7470E549-2339-4479-B592-528AD2E9D827}.Release|Any CPU.Build.0 = Release|Any CPU
		{0867EB9B-5B6E-4B67-A482-A905656684BA}.Debug|Any CPU.ActiveCfg = Debug|Any CPU
		{0867EB9B-5B6E-4B67-A482-A905656684BA}.Debug|Any CPU.Build.0 = Debug|Any CPU
		{0867EB9B-5B6E-4B67-A482-A905656684BA}.Release|Any CPU.ActiveCfg = Release|Any CPU
		{0867EB9B-5B6E-4B67-A482-A905656684BA}.Release|Any CPU.Build.0 = Release|Any CPU
		{FC988344-EFCD-40E7-891E-1A8E990E3FAD}.Debug|Any CPU.ActiveCfg = Debug|Any CPU
		{FC988344-EFCD-40E7-891E-1A8E990E3FAD}.Debug|Any CPU.Build.0 = Debug|Any CPU
		{FC988344-EFCD-40E7-891E-1A8E990E3FAD}.Release|Any CPU.ActiveCfg = Release|Any CPU
		{FC988344-EFCD-40E7-891E-1A8E990E3FAD}.Release|Any CPU.Build.0 = Release|Any CPU
		{805BFC86-2AAD-4372-8A42-F59CE2B39D74}.Debug|Any CPU.ActiveCfg = Debug|Any CPU
		{805BFC86-2AAD-4372-8A42-F59CE2B39D74}.Debug|Any CPU.Build.0 = Debug|Any CPU
		{805BFC86-2AAD-4372-8A42-F59CE2B39D74}.Release|Any CPU.ActiveCfg = Release|Any CPU
		{805BFC86-2AAD-4372-8A42-F59CE2B39D74}.Release|Any CPU.Build.0 = Release|Any CPU
		{07D9DD53-EA6F-4AAA-ADA4-3A769E8F47C2}.Debug|Any CPU.ActiveCfg = Debug|Any CPU
		{07D9DD53-EA6F-4AAA-ADA4-3A769E8F47C2}.Debug|Any CPU.Build.0 = Debug|Any CPU
		{07D9DD53-EA6F-4AAA-ADA4-3A769E8F47C2}.Release|Any CPU.ActiveCfg = Release|Any CPU
		{07D9DD53-EA6F-4AAA-ADA4-3A769E8F47C2}.Release|Any CPU.Build.0 = Release|Any CPU
		{C1170A52-E2D5-41D1-9F11-DEE3B82A4C0E}.Debug|Any CPU.ActiveCfg = Debug|Any CPU
		{C1170A52-E2D5-41D1-9F11-DEE3B82A4C0E}.Debug|Any CPU.Build.0 = Debug|Any CPU
		{C1170A52-E2D5-41D1-9F11-DEE3B82A4C0E}.Release|Any CPU.ActiveCfg = Release|Any CPU
		{C1170A52-E2D5-41D1-9F11-DEE3B82A4C0E}.Release|Any CPU.Build.0 = Release|Any CPU
		{ECD7BD3E-D874-469E-9549-2C482E21D3C2}.Debug|Any CPU.ActiveCfg = Debug|Any CPU
		{ECD7BD3E-D874-469E-9549-2C482E21D3C2}.Debug|Any CPU.Build.0 = Debug|Any CPU
		{ECD7BD3E-D874-469E-9549-2C482E21D3C2}.Release|Any CPU.ActiveCfg = Release|Any CPU
		{ECD7BD3E-D874-469E-9549-2C482E21D3C2}.Release|Any CPU.Build.0 = Release|Any CPU
		{5B3BC9EF-1450-4A72-84DD-0A44B232F061}.Debug|Any CPU.ActiveCfg = Debug|Any CPU
		{5B3BC9EF-1450-4A72-84DD-0A44B232F061}.Debug|Any CPU.Build.0 = Debug|Any CPU
		{5B3BC9EF-1450-4A72-84DD-0A44B232F061}.Release|Any CPU.ActiveCfg = Release|Any CPU
		{5B3BC9EF-1450-4A72-84DD-0A44B232F061}.Release|Any CPU.Build.0 = Release|Any CPU
		{C414DFAC-B31C-4BF5-AE2C-DACDC12DA357}.Debug|Any CPU.ActiveCfg = Debug|Any CPU
		{C414DFAC-B31C-4BF5-AE2C-DACDC12DA357}.Debug|Any CPU.Build.0 = Debug|Any CPU
		{C414DFAC-B31C-4BF5-AE2C-DACDC12DA357}.Release|Any CPU.ActiveCfg = Release|Any CPU
		{C414DFAC-B31C-4BF5-AE2C-DACDC12DA357}.Release|Any CPU.Build.0 = Release|Any CPU
	EndGlobalSection
	GlobalSection(SolutionProperties) = preSolution
		HideSolutionNode = FALSE
	EndGlobalSection
	GlobalSection(NestedProjects) = preSolution
		{842F7620-085C-4DEF-B206-2F50259C5DCB} = {CCC15F0E-D147-40E5-BA81-C1841A6C0BB2}
		{F248E809-752A-4192-BD16-BCB22BA0A77F} = {78FAC66F-3AC1-489E-9D43-A25CD0C27FC1}
		{AD0908EA-4FD4-414E-B2D1-5CFD33935BE9} = {2BB7CE1D-D45C-4B42-AE7E-BC88AB9B5590}
		{A89B27DD-444E-4DE0-9E61-CC837ECDA9FB} = {2BB7CE1D-D45C-4B42-AE7E-BC88AB9B5590}
		{08DD194A-F43B-4E04-B684-6D7E00242E61} = {2BB7CE1D-D45C-4B42-AE7E-BC88AB9B5590}
		{05F1941A-441F-411E-BBCC-26E3BA288AD9} = {78FAC66F-3AC1-489E-9D43-A25CD0C27FC1}
		{49F58238-F918-40EE-9AB9-17CB3B4B4CF7} = {2BB7CE1D-D45C-4B42-AE7E-BC88AB9B5590}
		{74B9A996-2F08-42EC-88E8-15BC226BB170} = {EC7ADBF5-A8E5-4F4C-987E-1AF49156EACB}
		{2100F5ED-8225-4986-8B11-E081AF3E020E} = {EC7ADBF5-A8E5-4F4C-987E-1AF49156EACB}
		{CC3CD309-B619-47FD-B37B-D7453A974408} = {EC7ADBF5-A8E5-4F4C-987E-1AF49156EACB}
		{E314F491-E694-4E01-AC89-278ABE6B5A1F} = {EC7ADBF5-A8E5-4F4C-987E-1AF49156EACB}
		{914C1631-89F0-43C8-8C7E-6149D6DACD0E} = {78FAC66F-3AC1-489E-9D43-A25CD0C27FC1}
		{A68A6623-C845-4ADC-A074-A99F51A7145B} = {78FAC66F-3AC1-489E-9D43-A25CD0C27FC1}
		{8683C09F-1DD0-4E45-A14C-6A74C026EBB0} = {EC7ADBF5-A8E5-4F4C-987E-1AF49156EACB}
		{E23A72A6-7970-4484-A32C-22EC4ABA7882} = {EC7ADBF5-A8E5-4F4C-987E-1AF49156EACB}
		{51FC5540-879D-4E2F-B5C3-BA80E5752AE2} = {B5E0A75B-0688-4423-BC9C-C233E31D9492}
		{8FA70769-A64D-4319-B0DA-FE7AFE205706} = {D4128932-4A23-43E0-A6F1-F86724733C90}
		{F0D9F60F-F0D2-48D6-B735-FDCB063F151F} = {0F898513-9E65-4860-B4ED-CF07B7404B6B}
		{E48358E2-D941-491D-88B4-6FF115090899} = {78FAC66F-3AC1-489E-9D43-A25CD0C27FC1}
		{3BC0AC7E-3B3B-4D3F-9CC0-B2BDECC460A6} = {78FAC66F-3AC1-489E-9D43-A25CD0C27FC1}
		{C79A06AF-1F83-4F3F-8E8E-7EEB44CBF160} = {78FAC66F-3AC1-489E-9D43-A25CD0C27FC1}
		{79F441B9-B5EB-424C-8956-C2B0B679DEC1} = {78FAC66F-3AC1-489E-9D43-A25CD0C27FC1}
		{8F1FA595-9B70-4306-9E25-3786B7D4183A} = {680BCBA2-35DF-4EC0-A392-1E3590681936}
		{1572E534-5B7E-4F8B-B24E-1C48714CFB79} = {680BCBA2-35DF-4EC0-A392-1E3590681936}
		{76008838-31FC-4EC1-9349-D1C15528E586} = {680BCBA2-35DF-4EC0-A392-1E3590681936}
		{7470E549-2339-4479-B592-528AD2E9D827} = {B68063A5-A6ED-4B92-A671-D5EA038228DE}
		{0867EB9B-5B6E-4B67-A482-A905656684BA} = {B68063A5-A6ED-4B92-A671-D5EA038228DE}
		{FC988344-EFCD-40E7-891E-1A8E990E3FAD} = {B68063A5-A6ED-4B92-A671-D5EA038228DE}
		{805BFC86-2AAD-4372-8A42-F59CE2B39D74} = {5EC32341-E0EA-489C-816E-B2C230349495}
		{07D9DD53-EA6F-4AAA-ADA4-3A769E8F47C2} = {0F898513-9E65-4860-B4ED-CF07B7404B6B}
		{C1170A52-E2D5-41D1-9F11-DEE3B82A4C0E} = {D4128932-4A23-43E0-A6F1-F86724733C90}
		{ECD7BD3E-D874-469E-9549-2C482E21D3C2} = {A4204052-98FC-4F73-9F5D-0C71C2ABD47C}
		{5B3BC9EF-1450-4A72-84DD-0A44B232F061} = {2BB7CE1D-D45C-4B42-AE7E-BC88AB9B5590}
		{C414DFAC-B31C-4BF5-AE2C-DACDC12DA357} = {2BB7CE1D-D45C-4B42-AE7E-BC88AB9B5590}
	EndGlobalSection
	GlobalSection(ExtensibilityGlobals) = postSolution
		SolutionGuid = {FA15EAC1-7737-46A9-9AE6-6D25A5CD34E0}
	EndGlobalSection
EndGlobal
