
Microsoft Visual Studio Solution File, Format Version 12.00
# Visual Studio Version 16
VisualStudioVersion = 16.0.29201.188
MinimumVisualStudioVersion = 10.0.40219.1
Project("{9A19103F-16F7-4668-BE54-9A1E7A4F7556}") = "IRO.CmdLine", "src\CmdLine\IRO.CmdLine\IRO.CmdLine.csproj", "{842F7620-085C-4DEF-B206-2F50259C5DCB}"
EndProject
Project("{9A19103F-16F7-4668-BE54-9A1E7A4F7556}") = "IRO.Tests.CmdTest", "tests\IRO.Tests.CmdTest\IRO.Tests.CmdTest.csproj", "{F248E809-752A-4192-BD16-BCB22BA0A77F}"
EndProject
Project("{2150E333-8FDC-42A3-9474-1A3956D46DE8}") = "CmdLine", "CmdLine", "{CCC15F0E-D147-40E5-BA81-C1841A6C0BB2}"
EndProject
Project("{2150E333-8FDC-42A3-9474-1A3956D46DE8}") = "Tests", "Tests", "{78FAC66F-3AC1-489E-9D43-A25CD0C27FC1}"
EndProject
Project("{2150E333-8FDC-42A3-9474-1A3956D46DE8}") = "Solution Items", "Solution Items", "{645B685D-30B9-41AE-A709-35A4F5231558}"
	ProjectSection(SolutionItems) = preProject
		.gitignore = .gitignore
		build.ps1 = build.ps1
		Directory.Build.props = Directory.Build.props
		Directory.Build.targets = Directory.Build.targets
	EndProjectSection
EndProject
Project("{9A19103F-16F7-4668-BE54-9A1E7A4F7556}") = "IRO.Reflection.Core", "src\Reflection\IRO.Reflection.Core\IRO.Reflection.Core.csproj", "{AD0908EA-4FD4-414E-B2D1-5CFD33935BE9}"
EndProject
Project("{9A19103F-16F7-4668-BE54-9A1E7A4F7556}") = "IRO.Reflection.CodeGen", "src\Reflection\IRO.Reflection.CodeGen\IRO.Reflection.CodeGen.csproj", "{A89B27DD-444E-4DE0-9E61-CC837ECDA9FB}"
EndProject
Project("{9A19103F-16F7-4668-BE54-9A1E7A4F7556}") = "IRO.Reflection.SummarySearch", "src\Reflection\IRO.Reflection.SummaryWithReflection\IRO.Reflection.SummarySearch.csproj", "{08DD194A-F43B-4E04-B684-6D7E00242E61}"
EndProject
Project("{9A19103F-16F7-4668-BE54-9A1E7A4F7556}") = "IRO.Reflection", "src\Reflection\IRO.Reflection\IRO.Reflection.csproj", "{49F58238-F918-40EE-9AB9-17CB3B4B4CF7}"
EndProject
Project("{2150E333-8FDC-42A3-9474-1A3956D46DE8}") = "Reflection", "Reflection", "{2BB7CE1D-D45C-4B42-AE7E-BC88AB9B5590}"
EndProject
Project("{2150E333-8FDC-42A3-9474-1A3956D46DE8}") = "Common", "Common", "{B5E0A75B-0688-4423-BC9C-C233E31D9492}"
EndProject
Project("{2150E333-8FDC-42A3-9474-1A3956D46DE8}") = "FileIO", "FileIO", "{B68063A5-A6ED-4B92-A671-D5EA038228DE}"
EndProject
Project("{2150E333-8FDC-42A3-9474-1A3956D46DE8}") = "Storage", "Storage", "{680BCBA2-35DF-4EC0-A392-1E3590681936}"
EndProject
Project("{9A19103F-16F7-4668-BE54-9A1E7A4F7556}") = "IRO.Common", "src\Common\IRO.Common\IRO.Common.csproj", "{51FC5540-879D-4E2F-B5C3-BA80E5752AE2}"
EndProject
Project("{9A19103F-16F7-4668-BE54-9A1E7A4F7556}") = "IRO.Tests.AlgorithmsTest", "tests\IRO.Tests.AlgorithmsTest\IRO.Tests.AlgorithmsTest.csproj", "{E48358E2-D941-491D-88B4-6FF115090899}"
EndProject
Project("{9A19103F-16F7-4668-BE54-9A1E7A4F7556}") = "IRO.Storage", "src\Storage\IRO.Storage\IRO.Storage.csproj", "{8F1FA595-9B70-4306-9E25-3786B7D4183A}"
EndProject
Project("{9A19103F-16F7-4668-BE54-9A1E7A4F7556}") = "IRO.Storage.WithLiteDB", "src\Storage\IRO.Storage.WithLiteDB\IRO.Storage.WithLiteDB.csproj", "{76008838-31FC-4EC1-9349-D1C15528E586}"
EndProject
Project("{9A19103F-16F7-4668-BE54-9A1E7A4F7556}") = "IRO.FileIO.FilesReplacerUtil", "src\FileIO\IRO.FileIO.FilesReplacerUtil\IRO.FileIO.FilesReplacerUtil.csproj", "{7470E549-2339-4479-B592-528AD2E9D827}"
EndProject
Project("{9A19103F-16F7-4668-BE54-9A1E7A4F7556}") = "IRO.FileIO.FilesReplacerUtil.CmdUtil", "src\FileIO\IRO.FileIO.FilesReplacerUtil.CmdUtil\IRO.FileIO.FilesReplacerUtil.CmdUtil.csproj", "{0867EB9B-5B6E-4B67-A482-A905656684BA}"
EndProject
Project("{9A19103F-16F7-4668-BE54-9A1E7A4F7556}") = "IRO.FileIO.ImprovedFileOperations", "src\FileIO\IRO.FileIO.ImprovedFileOperations\IRO.FileIO.ImprovedFileOperations.csproj", "{FC988344-EFCD-40E7-891E-1A8E990E3FAD}"
EndProject
Project("{2150E333-8FDC-42A3-9474-1A3956D46DE8}") = "scripts", "scripts", "{BF3E8F4E-C26A-45F1-A53B-36C7AC98D0E2}"
	ProjectSection(SolutionItems) = preProject
		scripts\copy_nupkgs.cmd = scripts\copy_nupkgs.cmd
		scripts\copy_nupkgs__all_release_to_output.cmd = scripts\copy_nupkgs__all_release_to_output.cmd
		scripts\copy_nupkgs__build_event.cmd = scripts\copy_nupkgs__build_event.cmd
		scripts\copy_nupkgs__global_folder.cmd = scripts\copy_nupkgs__global_folder.cmd
		scripts\delete_nupkgs__src.cmd = scripts\delete_nupkgs__src.cmd
		scripts\rename_files.cmd = scripts\rename_files.cmd
	EndProjectSection
EndProject
Project("{9A19103F-16F7-4668-BE54-9A1E7A4F7556}") = "IRO.UnitTests", "tests\IRO.UnitTests\IRO.UnitTests.csproj", "{37859EE7-7887-4159-BAF4-E13A730A4863}"
EndProject
Project("{9A19103F-16F7-4668-BE54-9A1E7A4F7556}") = "IRO.UnitTests.Storage", "tests\IRO.UnitTests.Storage\IRO.UnitTests.Storage.csproj", "{922E6E7C-ECEE-40D9-87AD-55B5E52F53A1}"
EndProject
Project("{2150E333-8FDC-42A3-9474-1A3956D46DE8}") = "Cache", "Cache", "{FA0EBD25-8CA8-40C9-8C60-D53774075D86}"
EndProject
Project("{9A19103F-16F7-4668-BE54-9A1E7A4F7556}") = "IRO.Cache", "src\Cache\IRO.Cache\IRO.Cache.csproj", "{B6989030-9CD6-4DCA-85D5-82127978D1EC}"
EndProject
Project("{9A19103F-16F7-4668-BE54-9A1E7A4F7556}") = "IRO.UnitTests.FileIO", "tests\IRO.UnitTests.FileIO\IRO.UnitTests.FileIO.csproj", "{B4B449AA-A182-458C-9685-D94D3D87B995}"
EndProject
Project("{9A19103F-16F7-4668-BE54-9A1E7A4F7556}") = "IRO.Common.Algorithms", "src\Common\IRO.Common.Algorithms\IRO.Common.Algorithms.csproj", "{666CF718-49BC-4C4F-A6E2-0BA3FB05FDED}"
EndProject
Project("{9A19103F-16F7-4668-BE54-9A1E7A4F7556}") = "IRO.UnitTests.Reflection", "tests\IRO.UnitTests.Reflection\IRO.UnitTests.Reflection.csproj", "{755522C9-4F8B-4B0A-862B-109AB43E1412}"
EndProject
Project("{FAE04EC0-301F-11D3-BF4B-00C04F79EFBC}") = "IRO.Tests.EmbeddedResourcesHelpersTest", "tests\IRO.Tests.EmbeddedResourcesHelpersTest\IRO.Tests.EmbeddedResourcesHelpersTest.csproj", "{B2FC43B1-D6B9-4B83-A08E-FE92714BBEBB}"
EndProject
Project("{FAE04EC0-301F-11D3-BF4B-00C04F79EFBC}") = "IRO.EmbeddedResources", "src\Common\IRO.EmbeddedResources\IRO.EmbeddedResources.csproj", "{2DEB5E20-D162-4645-8D2C-C7BA925517AD}"
EndProject
Global
	GlobalSection(SolutionConfigurationPlatforms) = preSolution
		Debug|Any CPU = Debug|Any CPU
		Release|Any CPU = Release|Any CPU
	EndGlobalSection
	GlobalSection(ProjectConfigurationPlatforms) = postSolution
		{842F7620-085C-4DEF-B206-2F50259C5DCB}.Debug|Any CPU.ActiveCfg = Debug|Any CPU
		{842F7620-085C-4DEF-B206-2F50259C5DCB}.Debug|Any CPU.Build.0 = Debug|Any CPU
		{842F7620-085C-4DEF-B206-2F50259C5DCB}.Release|Any CPU.ActiveCfg = Release|Any CPU
		{842F7620-085C-4DEF-B206-2F50259C5DCB}.Release|Any CPU.Build.0 = Release|Any CPU
		{F248E809-752A-4192-BD16-BCB22BA0A77F}.Debug|Any CPU.ActiveCfg = Debug|Any CPU
		{F248E809-752A-4192-BD16-BCB22BA0A77F}.Debug|Any CPU.Build.0 = Debug|Any CPU
		{F248E809-752A-4192-BD16-BCB22BA0A77F}.Release|Any CPU.ActiveCfg = Release|Any CPU
		{F248E809-752A-4192-BD16-BCB22BA0A77F}.Release|Any CPU.Build.0 = Release|Any CPU
		{AD0908EA-4FD4-414E-B2D1-5CFD33935BE9}.Debug|Any CPU.ActiveCfg = Debug|Any CPU
		{AD0908EA-4FD4-414E-B2D1-5CFD33935BE9}.Debug|Any CPU.Build.0 = Debug|Any CPU
		{AD0908EA-4FD4-414E-B2D1-5CFD33935BE9}.Release|Any CPU.ActiveCfg = Release|Any CPU
		{AD0908EA-4FD4-414E-B2D1-5CFD33935BE9}.Release|Any CPU.Build.0 = Release|Any CPU
		{A89B27DD-444E-4DE0-9E61-CC837ECDA9FB}.Debug|Any CPU.ActiveCfg = Debug|Any CPU
		{A89B27DD-444E-4DE0-9E61-CC837ECDA9FB}.Debug|Any CPU.Build.0 = Debug|Any CPU
		{A89B27DD-444E-4DE0-9E61-CC837ECDA9FB}.Release|Any CPU.ActiveCfg = Release|Any CPU
		{A89B27DD-444E-4DE0-9E61-CC837ECDA9FB}.Release|Any CPU.Build.0 = Release|Any CPU
		{08DD194A-F43B-4E04-B684-6D7E00242E61}.Debug|Any CPU.ActiveCfg = Debug|Any CPU
		{08DD194A-F43B-4E04-B684-6D7E00242E61}.Debug|Any CPU.Build.0 = Debug|Any CPU
		{08DD194A-F43B-4E04-B684-6D7E00242E61}.Release|Any CPU.ActiveCfg = Release|Any CPU
		{08DD194A-F43B-4E04-B684-6D7E00242E61}.Release|Any CPU.Build.0 = Release|Any CPU
		{49F58238-F918-40EE-9AB9-17CB3B4B4CF7}.Debug|Any CPU.ActiveCfg = Debug|Any CPU
		{49F58238-F918-40EE-9AB9-17CB3B4B4CF7}.Debug|Any CPU.Build.0 = Debug|Any CPU
		{49F58238-F918-40EE-9AB9-17CB3B4B4CF7}.Release|Any CPU.ActiveCfg = Release|Any CPU
		{49F58238-F918-40EE-9AB9-17CB3B4B4CF7}.Release|Any CPU.Build.0 = Release|Any CPU
		{51FC5540-879D-4E2F-B5C3-BA80E5752AE2}.Debug|Any CPU.ActiveCfg = Debug|Any CPU
		{51FC5540-879D-4E2F-B5C3-BA80E5752AE2}.Debug|Any CPU.Build.0 = Debug|Any CPU
		{51FC5540-879D-4E2F-B5C3-BA80E5752AE2}.Release|Any CPU.ActiveCfg = Release|Any CPU
		{51FC5540-879D-4E2F-B5C3-BA80E5752AE2}.Release|Any CPU.Build.0 = Release|Any CPU
		{E48358E2-D941-491D-88B4-6FF115090899}.Debug|Any CPU.ActiveCfg = Debug|Any CPU
		{E48358E2-D941-491D-88B4-6FF115090899}.Debug|Any CPU.Build.0 = Debug|Any CPU
		{E48358E2-D941-491D-88B4-6FF115090899}.Release|Any CPU.ActiveCfg = Release|Any CPU
		{E48358E2-D941-491D-88B4-6FF115090899}.Release|Any CPU.Build.0 = Release|Any CPU
		{8F1FA595-9B70-4306-9E25-3786B7D4183A}.Debug|Any CPU.ActiveCfg = Debug|Any CPU
		{8F1FA595-9B70-4306-9E25-3786B7D4183A}.Debug|Any CPU.Build.0 = Debug|Any CPU
		{8F1FA595-9B70-4306-9E25-3786B7D4183A}.Release|Any CPU.ActiveCfg = Release|Any CPU
		{8F1FA595-9B70-4306-9E25-3786B7D4183A}.Release|Any CPU.Build.0 = Release|Any CPU
		{76008838-31FC-4EC1-9349-D1C15528E586}.Debug|Any CPU.ActiveCfg = Debug|Any CPU
		{76008838-31FC-4EC1-9349-D1C15528E586}.Debug|Any CPU.Build.0 = Debug|Any CPU
		{76008838-31FC-4EC1-9349-D1C15528E586}.Release|Any CPU.ActiveCfg = Release|Any CPU
		{76008838-31FC-4EC1-9349-D1C15528E586}.Release|Any CPU.Build.0 = Release|Any CPU
		{7470E549-2339-4479-B592-528AD2E9D827}.Debug|Any CPU.ActiveCfg = Debug|Any CPU
		{7470E549-2339-4479-B592-528AD2E9D827}.Debug|Any CPU.Build.0 = Debug|Any CPU
		{7470E549-2339-4479-B592-528AD2E9D827}.Release|Any CPU.ActiveCfg = Release|Any CPU
		{7470E549-2339-4479-B592-528AD2E9D827}.Release|Any CPU.Build.0 = Release|Any CPU
		{0867EB9B-5B6E-4B67-A482-A905656684BA}.Debug|Any CPU.ActiveCfg = Debug|Any CPU
		{0867EB9B-5B6E-4B67-A482-A905656684BA}.Debug|Any CPU.Build.0 = Debug|Any CPU
		{0867EB9B-5B6E-4B67-A482-A905656684BA}.Release|Any CPU.ActiveCfg = Release|Any CPU
		{0867EB9B-5B6E-4B67-A482-A905656684BA}.Release|Any CPU.Build.0 = Release|Any CPU
		{FC988344-EFCD-40E7-891E-1A8E990E3FAD}.Debug|Any CPU.ActiveCfg = Debug|Any CPU
		{FC988344-EFCD-40E7-891E-1A8E990E3FAD}.Debug|Any CPU.Build.0 = Debug|Any CPU
		{FC988344-EFCD-40E7-891E-1A8E990E3FAD}.Release|Any CPU.ActiveCfg = Release|Any CPU
		{FC988344-EFCD-40E7-891E-1A8E990E3FAD}.Release|Any CPU.Build.0 = Release|Any CPU
		{37859EE7-7887-4159-BAF4-E13A730A4863}.Debug|Any CPU.ActiveCfg = Debug|Any CPU
		{37859EE7-7887-4159-BAF4-E13A730A4863}.Debug|Any CPU.Build.0 = Debug|Any CPU
		{37859EE7-7887-4159-BAF4-E13A730A4863}.Release|Any CPU.ActiveCfg = Release|Any CPU
		{37859EE7-7887-4159-BAF4-E13A730A4863}.Release|Any CPU.Build.0 = Release|Any CPU
		{922E6E7C-ECEE-40D9-87AD-55B5E52F53A1}.Debug|Any CPU.ActiveCfg = Debug|Any CPU
		{922E6E7C-ECEE-40D9-87AD-55B5E52F53A1}.Debug|Any CPU.Build.0 = Debug|Any CPU
		{922E6E7C-ECEE-40D9-87AD-55B5E52F53A1}.Release|Any CPU.ActiveCfg = Release|Any CPU
		{922E6E7C-ECEE-40D9-87AD-55B5E52F53A1}.Release|Any CPU.Build.0 = Release|Any CPU
		{B6989030-9CD6-4DCA-85D5-82127978D1EC}.Debug|Any CPU.ActiveCfg = Debug|Any CPU
		{B6989030-9CD6-4DCA-85D5-82127978D1EC}.Debug|Any CPU.Build.0 = Debug|Any CPU
		{B6989030-9CD6-4DCA-85D5-82127978D1EC}.Release|Any CPU.ActiveCfg = Release|Any CPU
		{B6989030-9CD6-4DCA-85D5-82127978D1EC}.Release|Any CPU.Build.0 = Release|Any CPU
		{B4B449AA-A182-458C-9685-D94D3D87B995}.Debug|Any CPU.ActiveCfg = Debug|Any CPU
		{B4B449AA-A182-458C-9685-D94D3D87B995}.Debug|Any CPU.Build.0 = Debug|Any CPU
		{B4B449AA-A182-458C-9685-D94D3D87B995}.Release|Any CPU.ActiveCfg = Release|Any CPU
		{B4B449AA-A182-458C-9685-D94D3D87B995}.Release|Any CPU.Build.0 = Release|Any CPU
		{666CF718-49BC-4C4F-A6E2-0BA3FB05FDED}.Debug|Any CPU.ActiveCfg = Debug|Any CPU
		{666CF718-49BC-4C4F-A6E2-0BA3FB05FDED}.Debug|Any CPU.Build.0 = Debug|Any CPU
		{666CF718-49BC-4C4F-A6E2-0BA3FB05FDED}.Release|Any CPU.ActiveCfg = Release|Any CPU
		{666CF718-49BC-4C4F-A6E2-0BA3FB05FDED}.Release|Any CPU.Build.0 = Release|Any CPU
		{755522C9-4F8B-4B0A-862B-109AB43E1412}.Debug|Any CPU.ActiveCfg = Debug|Any CPU
		{755522C9-4F8B-4B0A-862B-109AB43E1412}.Debug|Any CPU.Build.0 = Debug|Any CPU
		{755522C9-4F8B-4B0A-862B-109AB43E1412}.Release|Any CPU.ActiveCfg = Release|Any CPU
		{755522C9-4F8B-4B0A-862B-109AB43E1412}.Release|Any CPU.Build.0 = Release|Any CPU
		{B2FC43B1-D6B9-4B83-A08E-FE92714BBEBB}.Debug|Any CPU.ActiveCfg = Debug|Any CPU
		{B2FC43B1-D6B9-4B83-A08E-FE92714BBEBB}.Debug|Any CPU.Build.0 = Debug|Any CPU
		{B2FC43B1-D6B9-4B83-A08E-FE92714BBEBB}.Release|Any CPU.ActiveCfg = Release|Any CPU
		{B2FC43B1-D6B9-4B83-A08E-FE92714BBEBB}.Release|Any CPU.Build.0 = Release|Any CPU
		{2DEB5E20-D162-4645-8D2C-C7BA925517AD}.Debug|Any CPU.ActiveCfg = Debug|Any CPU
		{2DEB5E20-D162-4645-8D2C-C7BA925517AD}.Debug|Any CPU.Build.0 = Debug|Any CPU
		{2DEB5E20-D162-4645-8D2C-C7BA925517AD}.Release|Any CPU.ActiveCfg = Release|Any CPU
		{2DEB5E20-D162-4645-8D2C-C7BA925517AD}.Release|Any CPU.Build.0 = Release|Any CPU
	EndGlobalSection
	GlobalSection(SolutionProperties) = preSolution
		HideSolutionNode = FALSE
	EndGlobalSection
	GlobalSection(NestedProjects) = preSolution
		{842F7620-085C-4DEF-B206-2F50259C5DCB} = {CCC15F0E-D147-40E5-BA81-C1841A6C0BB2}
		{F248E809-752A-4192-BD16-BCB22BA0A77F} = {78FAC66F-3AC1-489E-9D43-A25CD0C27FC1}
		{AD0908EA-4FD4-414E-B2D1-5CFD33935BE9} = {2BB7CE1D-D45C-4B42-AE7E-BC88AB9B5590}
		{A89B27DD-444E-4DE0-9E61-CC837ECDA9FB} = {2BB7CE1D-D45C-4B42-AE7E-BC88AB9B5590}
		{08DD194A-F43B-4E04-B684-6D7E00242E61} = {2BB7CE1D-D45C-4B42-AE7E-BC88AB9B5590}
		{49F58238-F918-40EE-9AB9-17CB3B4B4CF7} = {2BB7CE1D-D45C-4B42-AE7E-BC88AB9B5590}
		{51FC5540-879D-4E2F-B5C3-BA80E5752AE2} = {B5E0A75B-0688-4423-BC9C-C233E31D9492}
		{E48358E2-D941-491D-88B4-6FF115090899} = {78FAC66F-3AC1-489E-9D43-A25CD0C27FC1}
		{8F1FA595-9B70-4306-9E25-3786B7D4183A} = {680BCBA2-35DF-4EC0-A392-1E3590681936}
		{76008838-31FC-4EC1-9349-D1C15528E586} = {680BCBA2-35DF-4EC0-A392-1E3590681936}
		{7470E549-2339-4479-B592-528AD2E9D827} = {B68063A5-A6ED-4B92-A671-D5EA038228DE}
		{0867EB9B-5B6E-4B67-A482-A905656684BA} = {B68063A5-A6ED-4B92-A671-D5EA038228DE}
		{FC988344-EFCD-40E7-891E-1A8E990E3FAD} = {B68063A5-A6ED-4B92-A671-D5EA038228DE}
		{BF3E8F4E-C26A-45F1-A53B-36C7AC98D0E2} = {645B685D-30B9-41AE-A709-35A4F5231558}
		{37859EE7-7887-4159-BAF4-E13A730A4863} = {78FAC66F-3AC1-489E-9D43-A25CD0C27FC1}
		{922E6E7C-ECEE-40D9-87AD-55B5E52F53A1} = {78FAC66F-3AC1-489E-9D43-A25CD0C27FC1}
		{B6989030-9CD6-4DCA-85D5-82127978D1EC} = {FA0EBD25-8CA8-40C9-8C60-D53774075D86}
		{B4B449AA-A182-458C-9685-D94D3D87B995} = {78FAC66F-3AC1-489E-9D43-A25CD0C27FC1}
		{666CF718-49BC-4C4F-A6E2-0BA3FB05FDED} = {B5E0A75B-0688-4423-BC9C-C233E31D9492}
		{755522C9-4F8B-4B0A-862B-109AB43E1412} = {78FAC66F-3AC1-489E-9D43-A25CD0C27FC1}
		{B2FC43B1-D6B9-4B83-A08E-FE92714BBEBB} = {78FAC66F-3AC1-489E-9D43-A25CD0C27FC1}
		{2DEB5E20-D162-4645-8D2C-C7BA925517AD} = {B5E0A75B-0688-4423-BC9C-C233E31D9492}
	EndGlobalSection
	GlobalSection(ExtensibilityGlobals) = postSolution
		SolutionGuid = {FA15EAC1-7737-46A9-9AE6-6D25A5CD34E0}
	EndGlobalSection
EndGlobal
