
Microsoft Visual Studio Solution File, Format Version 12.00
# Visual Studio Version 16
VisualStudioVersion = 16.0.29201.188
MinimumVisualStudioVersion = 10.0.40219.1
Project("{2150E333-8FDC-42A3-9474-1A3956D46DE8}") = "Tests", "Tests", "{78FAC66F-3AC1-489E-9D43-A25CD0C27FC1}"
EndProject
Project("{2150E333-8FDC-42A3-9474-1A3956D46DE8}") = "Solution Items", "Solution Items", "{645B685D-30B9-41AE-A709-35A4F5231558}"
	ProjectSection(SolutionItems) = preProject
		.gitignore = .gitignore
		build.ps1 = build.ps1
		Directory.Build.props = Directory.Build.props
		Directory.Build.targets = Directory.Build.targets
	EndProjectSection
EndProject
Project("{9A19103F-16F7-4668-BE54-9A1E7A4F7556}") = "IRO.Reflection.Core", "src\Reflection\IRO.Reflection.Core\IRO.Reflection.Core.csproj", "{AD0908EA-4FD4-414E-B2D1-5CFD33935BE9}"
EndProject
Project("{9A19103F-16F7-4668-BE54-9A1E7A4F7556}") = "IRO.Reflection.CodeGen", "src\Reflection\IRO.Reflection.CodeGen\IRO.Reflection.CodeGen.csproj", "{A89B27DD-444E-4DE0-9E61-CC837ECDA9FB}"
EndProject
Project("{9A19103F-16F7-4668-BE54-9A1E7A4F7556}") = "IRO.Reflection.SummarySearch", "src\Reflection\IRO.Reflection.SummaryWithReflection\IRO.Reflection.SummarySearch.csproj", "{08DD194A-F43B-4E04-B684-6D7E00242E61}"
EndProject
Project("{2150E333-8FDC-42A3-9474-1A3956D46DE8}") = "Reflection", "Reflection", "{2BB7CE1D-D45C-4B42-AE7E-BC88AB9B5590}"
EndProject
Project("{2150E333-8FDC-42A3-9474-1A3956D46DE8}") = "Common", "Common", "{B5E0A75B-0688-4423-BC9C-C233E31D9492}"
EndProject
Project("{2150E333-8FDC-42A3-9474-1A3956D46DE8}") = "Storage", "Storage", "{680BCBA2-35DF-4EC0-A392-1E3590681936}"
EndProject
Project("{9A19103F-16F7-4668-BE54-9A1E7A4F7556}") = "IRO.Common", "src\Common\IRO.Common\IRO.Common.csproj", "{51FC5540-879D-4E2F-B5C3-BA80E5752AE2}"
EndProject
Project("{9A19103F-16F7-4668-BE54-9A1E7A4F7556}") = "IRO.Tests.AlgorithmsTest", "tests\IRO.Tests.AlgorithmsTest\IRO.Tests.AlgorithmsTest.csproj", "{E48358E2-D941-491D-88B4-6FF115090899}"
EndProject
Project("{9A19103F-16F7-4668-BE54-9A1E7A4F7556}") = "IRO.Storage", "src\Storage\IRO.Storage\IRO.Storage.csproj", "{8F1FA595-9B70-4306-9E25-3786B7D4183A}"
EndProject
Project("{9A19103F-16F7-4668-BE54-9A1E7A4F7556}") = "IRO.Storage.WithLiteDB", "src\Storage\IRO.Storage.WithLiteDB\IRO.Storage.WithLiteDB.csproj", "{76008838-31FC-4EC1-9349-D1C15528E586}"
EndProject
Project("{2150E333-8FDC-42A3-9474-1A3956D46DE8}") = "scripts", "scripts", "{BF3E8F4E-C26A-45F1-A53B-36C7AC98D0E2}"
	ProjectSection(SolutionItems) = preProject
		scripts\copy_nupkgs.cmd = scripts\copy_nupkgs.cmd
		scripts\copy_nupkgs__all_release_to_output.cmd = scripts\copy_nupkgs__all_release_to_output.cmd
		scripts\copy_nupkgs__build_event.cmd = scripts\copy_nupkgs__build_event.cmd
		scripts\copy_nupkgs__global_folder.cmd = scripts\copy_nupkgs__global_folder.cmd
		scripts\delete_nupkgs__src.cmd = scripts\delete_nupkgs__src.cmd
		scripts\rename_files.cmd = scripts\rename_files.cmd
	EndProjectSection
EndProject
Project("{9A19103F-16F7-4668-BE54-9A1E7A4F7556}") = "IRO.UnitTests.Storage", "tests\IRO.UnitTests.Storage\IRO.UnitTests.Storage.csproj", "{922E6E7C-ECEE-40D9-87AD-55B5E52F53A1}"
EndProject
Project("{2150E333-8FDC-42A3-9474-1A3956D46DE8}") = "Cache", "Cache", "{FA0EBD25-8CA8-40C9-8C60-D53774075D86}"
EndProject
Project("{9A19103F-16F7-4668-BE54-9A1E7A4F7556}") = "IRO.Cache", "src\Cache\IRO.Cache\IRO.Cache.csproj", "{B6989030-9CD6-4DCA-85D5-82127978D1EC}"
EndProject
Project("{9A19103F-16F7-4668-BE54-9A1E7A4F7556}") = "IRO.UnitTests.Reflection", "tests\IRO.UnitTests.Reflection\IRO.UnitTests.Reflection.csproj", "{755522C9-4F8B-4B0A-862B-109AB43E1412}"
EndProject
Project("{9A19103F-16F7-4668-BE54-9A1E7A4F7556}") = "IRO.Tests.EmbeddedResourcesHelpersTest", "tests\IRO.Tests.EmbeddedResourcesHelpersTest\IRO.Tests.EmbeddedResourcesHelpersTest.csproj", "{B2FC43B1-D6B9-4B83-A08E-FE92714BBEBB}"
EndProject
Project("{9A19103F-16F7-4668-BE54-9A1E7A4F7556}") = "IRO.Threading", "src\Common\IRO.Threading\IRO.Threading.csproj", "{3594B3AF-64CC-4584-94EC-001727F28495}"
EndProject
Project("{9A19103F-16F7-4668-BE54-9A1E7A4F7556}") = "IRO.Storage.WithMongoDB", "src\Storage\IRO.Storage.WithMongoDB\IRO.Storage.WithMongoDB.csproj", "{72AC7F79-C9CF-4ACE-8AAC-9406B87FD2B2}"
EndProject
Project("{FAE04EC0-301F-11D3-BF4B-00C04F79EFBC}") = "IRO.LoggingExt", "src\Common\IRO.LoggingExt\IRO.LoggingExt.csproj", "{869A65CA-BF2F-46AD-BF22-EF511F994DA0}"
EndProject
Project("{9A19103F-16F7-4668-BE54-9A1E7A4F7556}") = "IRO.UnitTests.Common", "tests\IRO.UnitTests.Common\IRO.UnitTests.Common.csproj", "{CC0C4094-5DE1-481E-B888-B68EC73AF5B6}"
EndProject
Global
	GlobalSection(SolutionConfigurationPlatforms) = preSolution
		Debug|Any CPU = Debug|Any CPU
		Release|Any CPU = Release|Any CPU
	EndGlobalSection
	GlobalSection(ProjectConfigurationPlatforms) = postSolution
		{AD0908EA-4FD4-414E-B2D1-5CFD33935BE9}.Debug|Any CPU.ActiveCfg = Debug|Any CPU
		{AD0908EA-4FD4-414E-B2D1-5CFD33935BE9}.Debug|Any CPU.Build.0 = Debug|Any CPU
		{AD0908EA-4FD4-414E-B2D1-5CFD33935BE9}.Release|Any CPU.ActiveCfg = Release|Any CPU
		{AD0908EA-4FD4-414E-B2D1-5CFD33935BE9}.Release|Any CPU.Build.0 = Release|Any CPU
		{A89B27DD-444E-4DE0-9E61-CC837ECDA9FB}.Debug|Any CPU.ActiveCfg = Debug|Any CPU
		{A89B27DD-444E-4DE0-9E61-CC837ECDA9FB}.Debug|Any CPU.Build.0 = Debug|Any CPU
		{A89B27DD-444E-4DE0-9E61-CC837ECDA9FB}.Release|Any CPU.ActiveCfg = Release|Any CPU
		{A89B27DD-444E-4DE0-9E61-CC837ECDA9FB}.Release|Any CPU.Build.0 = Release|Any CPU
		{08DD194A-F43B-4E04-B684-6D7E00242E61}.Debug|Any CPU.ActiveCfg = Debug|Any CPU
		{08DD194A-F43B-4E04-B684-6D7E00242E61}.Debug|Any CPU.Build.0 = Debug|Any CPU
		{08DD194A-F43B-4E04-B684-6D7E00242E61}.Release|Any CPU.ActiveCfg = Release|Any CPU
		{08DD194A-F43B-4E04-B684-6D7E00242E61}.Release|Any CPU.Build.0 = Release|Any CPU
		{51FC5540-879D-4E2F-B5C3-BA80E5752AE2}.Debug|Any CPU.ActiveCfg = Debug|Any CPU
		{51FC5540-879D-4E2F-B5C3-BA80E5752AE2}.Debug|Any CPU.Build.0 = Debug|Any CPU
		{51FC5540-879D-4E2F-B5C3-BA80E5752AE2}.Release|Any CPU.ActiveCfg = Release|Any CPU
		{51FC5540-879D-4E2F-B5C3-BA80E5752AE2}.Release|Any CPU.Build.0 = Release|Any CPU
		{E48358E2-D941-491D-88B4-6FF115090899}.Debug|Any CPU.ActiveCfg = Debug|Any CPU
		{E48358E2-D941-491D-88B4-6FF115090899}.Debug|Any CPU.Build.0 = Debug|Any CPU
		{E48358E2-D941-491D-88B4-6FF115090899}.Release|Any CPU.ActiveCfg = Release|Any CPU
		{E48358E2-D941-491D-88B4-6FF115090899}.Release|Any CPU.Build.0 = Release|Any CPU
		{8F1FA595-9B70-4306-9E25-3786B7D4183A}.Debug|Any CPU.ActiveCfg = Debug|Any CPU
		{8F1FA595-9B70-4306-9E25-3786B7D4183A}.Debug|Any CPU.Build.0 = Debug|Any CPU
		{8F1FA595-9B70-4306-9E25-3786B7D4183A}.Release|Any CPU.ActiveCfg = Release|Any CPU
		{8F1FA595-9B70-4306-9E25-3786B7D4183A}.Release|Any CPU.Build.0 = Release|Any CPU
		{76008838-31FC-4EC1-9349-D1C15528E586}.Debug|Any CPU.ActiveCfg = Debug|Any CPU
		{76008838-31FC-4EC1-9349-D1C15528E586}.Debug|Any CPU.Build.0 = Debug|Any CPU
		{76008838-31FC-4EC1-9349-D1C15528E586}.Release|Any CPU.ActiveCfg = Release|Any CPU
		{76008838-31FC-4EC1-9349-D1C15528E586}.Release|Any CPU.Build.0 = Release|Any CPU
		{922E6E7C-ECEE-40D9-87AD-55B5E52F53A1}.Debug|Any CPU.ActiveCfg = Debug|Any CPU
		{922E6E7C-ECEE-40D9-87AD-55B5E52F53A1}.Debug|Any CPU.Build.0 = Debug|Any CPU
		{922E6E7C-ECEE-40D9-87AD-55B5E52F53A1}.Release|Any CPU.ActiveCfg = Release|Any CPU
		{922E6E7C-ECEE-40D9-87AD-55B5E52F53A1}.Release|Any CPU.Build.0 = Release|Any CPU
		{B6989030-9CD6-4DCA-85D5-82127978D1EC}.Debug|Any CPU.ActiveCfg = Debug|Any CPU
		{B6989030-9CD6-4DCA-85D5-82127978D1EC}.Debug|Any CPU.Build.0 = Debug|Any CPU
		{B6989030-9CD6-4DCA-85D5-82127978D1EC}.Release|Any CPU.ActiveCfg = Release|Any CPU
		{B6989030-9CD6-4DCA-85D5-82127978D1EC}.Release|Any CPU.Build.0 = Release|Any CPU
		{755522C9-4F8B-4B0A-862B-109AB43E1412}.Debug|Any CPU.ActiveCfg = Debug|Any CPU
		{755522C9-4F8B-4B0A-862B-109AB43E1412}.Debug|Any CPU.Build.0 = Debug|Any CPU
		{755522C9-4F8B-4B0A-862B-109AB43E1412}.Release|Any CPU.ActiveCfg = Release|Any CPU
		{755522C9-4F8B-4B0A-862B-109AB43E1412}.Release|Any CPU.Build.0 = Release|Any CPU
		{B2FC43B1-D6B9-4B83-A08E-FE92714BBEBB}.Debug|Any CPU.ActiveCfg = Debug|Any CPU
		{B2FC43B1-D6B9-4B83-A08E-FE92714BBEBB}.Debug|Any CPU.Build.0 = Debug|Any CPU
		{B2FC43B1-D6B9-4B83-A08E-FE92714BBEBB}.Release|Any CPU.ActiveCfg = Release|Any CPU
		{B2FC43B1-D6B9-4B83-A08E-FE92714BBEBB}.Release|Any CPU.Build.0 = Release|Any CPU
		{3594B3AF-64CC-4584-94EC-001727F28495}.Debug|Any CPU.ActiveCfg = Debug|Any CPU
		{3594B3AF-64CC-4584-94EC-001727F28495}.Debug|Any CPU.Build.0 = Debug|Any CPU
		{3594B3AF-64CC-4584-94EC-001727F28495}.Release|Any CPU.ActiveCfg = Release|Any CPU
		{3594B3AF-64CC-4584-94EC-001727F28495}.Release|Any CPU.Build.0 = Release|Any CPU
		{72AC7F79-C9CF-4ACE-8AAC-9406B87FD2B2}.Debug|Any CPU.ActiveCfg = Debug|Any CPU
		{72AC7F79-C9CF-4ACE-8AAC-9406B87FD2B2}.Debug|Any CPU.Build.0 = Debug|Any CPU
		{72AC7F79-C9CF-4ACE-8AAC-9406B87FD2B2}.Release|Any CPU.ActiveCfg = Release|Any CPU
		{72AC7F79-C9CF-4ACE-8AAC-9406B87FD2B2}.Release|Any CPU.Build.0 = Release|Any CPU
		{869A65CA-BF2F-46AD-BF22-EF511F994DA0}.Debug|Any CPU.ActiveCfg = Debug|Any CPU
		{869A65CA-BF2F-46AD-BF22-EF511F994DA0}.Debug|Any CPU.Build.0 = Debug|Any CPU
		{869A65CA-BF2F-46AD-BF22-EF511F994DA0}.Release|Any CPU.ActiveCfg = Release|Any CPU
		{869A65CA-BF2F-46AD-BF22-EF511F994DA0}.Release|Any CPU.Build.0 = Release|Any CPU
		{CC0C4094-5DE1-481E-B888-B68EC73AF5B6}.Debug|Any CPU.ActiveCfg = Debug|Any CPU
		{CC0C4094-5DE1-481E-B888-B68EC73AF5B6}.Debug|Any CPU.Build.0 = Debug|Any CPU
		{CC0C4094-5DE1-481E-B888-B68EC73AF5B6}.Release|Any CPU.ActiveCfg = Release|Any CPU
		{CC0C4094-5DE1-481E-B888-B68EC73AF5B6}.Release|Any CPU.Build.0 = Release|Any CPU
	EndGlobalSection
	GlobalSection(SolutionProperties) = preSolution
		HideSolutionNode = FALSE
	EndGlobalSection
	GlobalSection(NestedProjects) = preSolution
		{AD0908EA-4FD4-414E-B2D1-5CFD33935BE9} = {2BB7CE1D-D45C-4B42-AE7E-BC88AB9B5590}
		{A89B27DD-444E-4DE0-9E61-CC837ECDA9FB} = {2BB7CE1D-D45C-4B42-AE7E-BC88AB9B5590}
		{08DD194A-F43B-4E04-B684-6D7E00242E61} = {2BB7CE1D-D45C-4B42-AE7E-BC88AB9B5590}
		{51FC5540-879D-4E2F-B5C3-BA80E5752AE2} = {B5E0A75B-0688-4423-BC9C-C233E31D9492}
		{E48358E2-D941-491D-88B4-6FF115090899} = {78FAC66F-3AC1-489E-9D43-A25CD0C27FC1}
		{8F1FA595-9B70-4306-9E25-3786B7D4183A} = {680BCBA2-35DF-4EC0-A392-1E3590681936}
		{76008838-31FC-4EC1-9349-D1C15528E586} = {680BCBA2-35DF-4EC0-A392-1E3590681936}
		{BF3E8F4E-C26A-45F1-A53B-36C7AC98D0E2} = {645B685D-30B9-41AE-A709-35A4F5231558}
		{922E6E7C-ECEE-40D9-87AD-55B5E52F53A1} = {78FAC66F-3AC1-489E-9D43-A25CD0C27FC1}
		{B6989030-9CD6-4DCA-85D5-82127978D1EC} = {FA0EBD25-8CA8-40C9-8C60-D53774075D86}
		{755522C9-4F8B-4B0A-862B-109AB43E1412} = {78FAC66F-3AC1-489E-9D43-A25CD0C27FC1}
		{B2FC43B1-D6B9-4B83-A08E-FE92714BBEBB} = {78FAC66F-3AC1-489E-9D43-A25CD0C27FC1}
		{3594B3AF-64CC-4584-94EC-001727F28495} = {B5E0A75B-0688-4423-BC9C-C233E31D9492}
		{72AC7F79-C9CF-4ACE-8AAC-9406B87FD2B2} = {680BCBA2-35DF-4EC0-A392-1E3590681936}
		{869A65CA-BF2F-46AD-BF22-EF511F994DA0} = {B5E0A75B-0688-4423-BC9C-C233E31D9492}
		{CC0C4094-5DE1-481E-B888-B68EC73AF5B6} = {78FAC66F-3AC1-489E-9D43-A25CD0C27FC1}
	EndGlobalSection
	GlobalSection(ExtensibilityGlobals) = postSolution
		SolutionGuid = {FA15EAC1-7737-46A9-9AE6-6D25A5CD34E0}
	EndGlobalSection
EndGlobal
