
Microsoft Visual Studio Solution File, Format Version 12.00
# Visual Studio 15
VisualStudioVersion = 15.0.27428.2043
MinimumVisualStudioVersion = 10.0.40219.1
Project("{9A19103F-16F7-4668-BE54-9A1E7A4F7556}") = "IRO.Common", "Common\IRO.Common\IRO.Common.csproj", "{52DBA08F-AD9B-4438-94ED-710EEB5B47F8}"
EndProject
Project("{2150E333-8FDC-42A3-9474-1A3956D46DE8}") = "Tests", "Tests", "{CCD136CE-A389-464D-9F0F-88F6CAC00412}"
EndProject
Project("{2150E333-8FDC-42A3-9474-1A3956D46DE8}") = "Common", "Common", "{7F497377-DC0C-4D28-9B3C-250B06D88790}"
EndProject
Project("{2150E333-8FDC-42A3-9474-1A3956D46DE8}") = "Reflection", "Reflection", "{00697718-778A-4B29-88F9-C64BDC732571}"
EndProject
Project("{2150E333-8FDC-42A3-9474-1A3956D46DE8}") = "MvcPart", "MvcPart", "{E7F8E5BC-F90A-4AF3-A90C-FE031D5B4695}"
EndProject
Project("{2150E333-8FDC-42A3-9474-1A3956D46DE8}") = "CustomIoc", "CustomIoc", "{E2104BBE-9E87-4547-8D49-597D1768F71B}"
EndProject
Project("{9A19103F-16F7-4668-BE54-9A1E7A4F7556}") = "IRO_Tests.PureBindingsTest", "Tests\IRO.Tests.PureBindingsTest\IRO_Tests.PureBindingsTest.csproj", "{D28099FE-0FF0-4E29-8580-2629F369D92E}"
EndProject
Project("{9A19103F-16F7-4668-BE54-9A1E7A4F7556}") = "IRO.Reflection", "Reflection\IRO.Reflection\IRO.Reflection.csproj", "{C8E36F8E-0550-4422-A492-B220D3F8DB7A}"
EndProject
Project("{9A19103F-16F7-4668-BE54-9A1E7A4F7556}") = "IRO.Reflection.SummarySearch", "Reflection\IRO.Reflection.SummaryWithReflection\IRO.Reflection.SummarySearch.csproj", "{A0016FB8-B617-4335-9C74-56BCADE6509A}"
EndProject
Project("{9A19103F-16F7-4668-BE54-9A1E7A4F7556}") = "IRO.MvcPart", "MvcPart\IRO.MvcPart\IRO.MvcPart.csproj", "{FC0D84C8-2F40-44EC-84DC-5DA395007A31}"
EndProject
Project("{9A19103F-16F7-4668-BE54-9A1E7A4F7556}") = "IRO.PureBinding", "MvcPart\IRO.PureBinding\IRO.PureBinding.csproj", "{15029C9F-20A6-4EAF-93C2-CD99B10452D9}"
EndProject
Project("{9A19103F-16F7-4668-BE54-9A1E7A4F7556}") = "IRO.CustomIoc", "CustomIoc\IRO.CustomIoc\IRO.CustomIoc.csproj", "{22AA9D30-A0BE-464A-89E7-5C371BAEFD92}"
EndProject
Project("{2150E333-8FDC-42A3-9474-1A3956D46DE8}") = "FileOperations", "FileOperations", "{238F0AA8-E751-40AE-9ABC-6CCB9FB04BF1}"
EndProject
Project("{9A19103F-16F7-4668-BE54-9A1E7A4F7556}") = "IRO.ImprovedFileOperations", "FileOperations\IRO.ImprovedFileOperations\IRO.ImprovedFileOperations.csproj", "{87CF3BD3-1467-4B60-9C16-A36AE364FBB0}"
EndProject
Project("{9A19103F-16F7-4668-BE54-9A1E7A4F7556}") = "IRO_Tests.SwashbuckleTest", "Tests\SwashbuckleTest\IRO_Tests.SwashbuckleTest.csproj", "{2E389120-CFB4-4449-BD8A-C81897433D91}"
EndProject
Project("{9A19103F-16F7-4668-BE54-9A1E7A4F7556}") = "IRO.CoolSwagger", "MvcPart\IRO.CoolSwagger\IRO.CoolSwagger.csproj", "{481382A9-EEB0-491F-9DBF-CC954AADB62F}"
EndProject
Project("{9A19103F-16F7-4668-BE54-9A1E7A4F7556}") = "IRO.Reflection.CodeGen", "Reflection\IRO.Reflection.CodeGen\IRO.Reflection.CodeGen.csproj", "{A6C54B09-1DEE-4BBB-809B-3D06152AB39D}"
EndProject
Project("{9A19103F-16F7-4668-BE54-9A1E7A4F7556}") = "IRO.MvcExceptionHandler", "MvcPart\IRO.MvcExceptionHandler\IRO.MvcExceptionHandler.csproj", "{E3D63875-0DD5-40A8-9490-3D6C1EC96AEA}"
EndProject
Global
	GlobalSection(SolutionConfigurationPlatforms) = preSolution
		Debug|Any CPU = Debug|Any CPU
		Release|Any CPU = Release|Any CPU
	EndGlobalSection
	GlobalSection(ProjectConfigurationPlatforms) = postSolution
		{52DBA08F-AD9B-4438-94ED-710EEB5B47F8}.Debug|Any CPU.ActiveCfg = Debug|Any CPU
		{52DBA08F-AD9B-4438-94ED-710EEB5B47F8}.Debug|Any CPU.Build.0 = Debug|Any CPU
		{52DBA08F-AD9B-4438-94ED-710EEB5B47F8}.Release|Any CPU.ActiveCfg = Release|Any CPU
		{52DBA08F-AD9B-4438-94ED-710EEB5B47F8}.Release|Any CPU.Build.0 = Release|Any CPU
		{D28099FE-0FF0-4E29-8580-2629F369D92E}.Debug|Any CPU.ActiveCfg = Debug|Any CPU
		{D28099FE-0FF0-4E29-8580-2629F369D92E}.Debug|Any CPU.Build.0 = Debug|Any CPU
		{D28099FE-0FF0-4E29-8580-2629F369D92E}.Release|Any CPU.ActiveCfg = Release|Any CPU
		{D28099FE-0FF0-4E29-8580-2629F369D92E}.Release|Any CPU.Build.0 = Release|Any CPU
		{C8E36F8E-0550-4422-A492-B220D3F8DB7A}.Debug|Any CPU.ActiveCfg = Debug|Any CPU
		{C8E36F8E-0550-4422-A492-B220D3F8DB7A}.Debug|Any CPU.Build.0 = Debug|Any CPU
		{C8E36F8E-0550-4422-A492-B220D3F8DB7A}.Release|Any CPU.ActiveCfg = Release|Any CPU
		{C8E36F8E-0550-4422-A492-B220D3F8DB7A}.Release|Any CPU.Build.0 = Release|Any CPU
		{A0016FB8-B617-4335-9C74-56BCADE6509A}.Debug|Any CPU.ActiveCfg = Debug|Any CPU
		{A0016FB8-B617-4335-9C74-56BCADE6509A}.Debug|Any CPU.Build.0 = Debug|Any CPU
		{A0016FB8-B617-4335-9C74-56BCADE6509A}.Release|Any CPU.ActiveCfg = Release|Any CPU
		{A0016FB8-B617-4335-9C74-56BCADE6509A}.Release|Any CPU.Build.0 = Release|Any CPU
		{FC0D84C8-2F40-44EC-84DC-5DA395007A31}.Debug|Any CPU.ActiveCfg = Debug|Any CPU
		{FC0D84C8-2F40-44EC-84DC-5DA395007A31}.Debug|Any CPU.Build.0 = Debug|Any CPU
		{FC0D84C8-2F40-44EC-84DC-5DA395007A31}.Release|Any CPU.ActiveCfg = Release|Any CPU
		{FC0D84C8-2F40-44EC-84DC-5DA395007A31}.Release|Any CPU.Build.0 = Release|Any CPU
		{15029C9F-20A6-4EAF-93C2-CD99B10452D9}.Debug|Any CPU.ActiveCfg = Debug|Any CPU
		{15029C9F-20A6-4EAF-93C2-CD99B10452D9}.Debug|Any CPU.Build.0 = Debug|Any CPU
		{15029C9F-20A6-4EAF-93C2-CD99B10452D9}.Release|Any CPU.ActiveCfg = Release|Any CPU
		{15029C9F-20A6-4EAF-93C2-CD99B10452D9}.Release|Any CPU.Build.0 = Release|Any CPU
		{22AA9D30-A0BE-464A-89E7-5C371BAEFD92}.Debug|Any CPU.ActiveCfg = Debug|Any CPU
		{22AA9D30-A0BE-464A-89E7-5C371BAEFD92}.Debug|Any CPU.Build.0 = Debug|Any CPU
		{22AA9D30-A0BE-464A-89E7-5C371BAEFD92}.Release|Any CPU.ActiveCfg = Release|Any CPU
		{22AA9D30-A0BE-464A-89E7-5C371BAEFD92}.Release|Any CPU.Build.0 = Release|Any CPU
		{87CF3BD3-1467-4B60-9C16-A36AE364FBB0}.Debug|Any CPU.ActiveCfg = Debug|Any CPU
		{87CF3BD3-1467-4B60-9C16-A36AE364FBB0}.Debug|Any CPU.Build.0 = Debug|Any CPU
		{87CF3BD3-1467-4B60-9C16-A36AE364FBB0}.Release|Any CPU.ActiveCfg = Release|Any CPU
		{87CF3BD3-1467-4B60-9C16-A36AE364FBB0}.Release|Any CPU.Build.0 = Release|Any CPU
		{2E389120-CFB4-4449-BD8A-C81897433D91}.Debug|Any CPU.ActiveCfg = Debug|Any CPU
		{2E389120-CFB4-4449-BD8A-C81897433D91}.Debug|Any CPU.Build.0 = Debug|Any CPU
		{2E389120-CFB4-4449-BD8A-C81897433D91}.Release|Any CPU.ActiveCfg = Release|Any CPU
		{2E389120-CFB4-4449-BD8A-C81897433D91}.Release|Any CPU.Build.0 = Release|Any CPU
		{481382A9-EEB0-491F-9DBF-CC954AADB62F}.Debug|Any CPU.ActiveCfg = Debug|Any CPU
		{481382A9-EEB0-491F-9DBF-CC954AADB62F}.Debug|Any CPU.Build.0 = Debug|Any CPU
		{481382A9-EEB0-491F-9DBF-CC954AADB62F}.Release|Any CPU.ActiveCfg = Release|Any CPU
		{481382A9-EEB0-491F-9DBF-CC954AADB62F}.Release|Any CPU.Build.0 = Release|Any CPU
		{A6C54B09-1DEE-4BBB-809B-3D06152AB39D}.Debug|Any CPU.ActiveCfg = Debug|Any CPU
		{A6C54B09-1DEE-4BBB-809B-3D06152AB39D}.Debug|Any CPU.Build.0 = Debug|Any CPU
		{A6C54B09-1DEE-4BBB-809B-3D06152AB39D}.Release|Any CPU.ActiveCfg = Release|Any CPU
		{A6C54B09-1DEE-4BBB-809B-3D06152AB39D}.Release|Any CPU.Build.0 = Release|Any CPU
		{E3D63875-0DD5-40A8-9490-3D6C1EC96AEA}.Debug|Any CPU.ActiveCfg = Debug|Any CPU
		{E3D63875-0DD5-40A8-9490-3D6C1EC96AEA}.Debug|Any CPU.Build.0 = Debug|Any CPU
		{E3D63875-0DD5-40A8-9490-3D6C1EC96AEA}.Release|Any CPU.ActiveCfg = Release|Any CPU
		{E3D63875-0DD5-40A8-9490-3D6C1EC96AEA}.Release|Any CPU.Build.0 = Release|Any CPU
	EndGlobalSection
	GlobalSection(SolutionProperties) = preSolution
		HideSolutionNode = FALSE
	EndGlobalSection
	GlobalSection(NestedProjects) = preSolution
		{52DBA08F-AD9B-4438-94ED-710EEB5B47F8} = {7F497377-DC0C-4D28-9B3C-250B06D88790}
		{D28099FE-0FF0-4E29-8580-2629F369D92E} = {CCD136CE-A389-464D-9F0F-88F6CAC00412}
		{C8E36F8E-0550-4422-A492-B220D3F8DB7A} = {00697718-778A-4B29-88F9-C64BDC732571}
		{A0016FB8-B617-4335-9C74-56BCADE6509A} = {00697718-778A-4B29-88F9-C64BDC732571}
		{FC0D84C8-2F40-44EC-84DC-5DA395007A31} = {E7F8E5BC-F90A-4AF3-A90C-FE031D5B4695}
		{15029C9F-20A6-4EAF-93C2-CD99B10452D9} = {E7F8E5BC-F90A-4AF3-A90C-FE031D5B4695}
		{22AA9D30-A0BE-464A-89E7-5C371BAEFD92} = {E2104BBE-9E87-4547-8D49-597D1768F71B}
		{87CF3BD3-1467-4B60-9C16-A36AE364FBB0} = {238F0AA8-E751-40AE-9ABC-6CCB9FB04BF1}
		{2E389120-CFB4-4449-BD8A-C81897433D91} = {CCD136CE-A389-464D-9F0F-88F6CAC00412}
		{481382A9-EEB0-491F-9DBF-CC954AADB62F} = {E7F8E5BC-F90A-4AF3-A90C-FE031D5B4695}
		{A6C54B09-1DEE-4BBB-809B-3D06152AB39D} = {00697718-778A-4B29-88F9-C64BDC732571}
		{E3D63875-0DD5-40A8-9490-3D6C1EC96AEA} = {E7F8E5BC-F90A-4AF3-A90C-FE031D5B4695}
	EndGlobalSection
	GlobalSection(ExtensibilityGlobals) = postSolution
		SolutionGuid = {FA15EAC1-7737-46A9-9AE6-6D25A5CD34E0}
	EndGlobalSection
EndGlobal
