
Microsoft Visual Studio Solution File, Format Version 12.00
# Visual Studio 15
VisualStudioVersion = 15.0.27428.2043
MinimumVisualStudioVersion = 10.0.40219.1
Project("{9A19103F-16F7-4668-BE54-9A1E7A4F7556}") = "IRO.CmdLine", "IRO.CmdLine\IRO.CmdLine.csproj", "{842F7620-085C-4DEF-B206-2F50259C5DCB}"
EndProject
Project("{9A19103F-16F7-4668-BE54-9A1E7A4F7556}") = "IRO_Tests.CmdTest", "Tests\IRO_Tests.CmdTest\IRO_Tests.CmdTest.csproj", "{F248E809-752A-4192-BD16-BCB22BA0A77F}"
EndProject
Project("{2150E333-8FDC-42A3-9474-1A3956D46DE8}") = "Tests", "Tests", "{F553F711-1614-48CB-A17F-38346B5FB158}"
EndProject
Global
	GlobalSection(SolutionConfigurationPlatforms) = preSolution
		Debug|Any CPU = Debug|Any CPU
		Release|Any CPU = Release|Any CPU
	EndGlobalSection
	GlobalSection(ProjectConfigurationPlatforms) = postSolution
		{842F7620-085C-4DEF-B206-2F50259C5DCB}.Debug|Any CPU.ActiveCfg = Debug|Any CPU
		{842F7620-085C-4DEF-B206-2F50259C5DCB}.Debug|Any CPU.Build.0 = Debug|Any CPU
		{842F7620-085C-4DEF-B206-2F50259C5DCB}.Release|Any CPU.ActiveCfg = Release|Any CPU
		{842F7620-085C-4DEF-B206-2F50259C5DCB}.Release|Any CPU.Build.0 = Release|Any CPU
		{F248E809-752A-4192-BD16-BCB22BA0A77F}.Debug|Any CPU.ActiveCfg = Debug|Any CPU
		{F248E809-752A-4192-BD16-BCB22BA0A77F}.Debug|Any CPU.Build.0 = Debug|Any CPU
		{F248E809-752A-4192-BD16-BCB22BA0A77F}.Release|Any CPU.ActiveCfg = Release|Any CPU
		{F248E809-752A-4192-BD16-BCB22BA0A77F}.Release|Any CPU.Build.0 = Release|Any CPU
	EndGlobalSection
	GlobalSection(SolutionProperties) = preSolution
		HideSolutionNode = FALSE
	EndGlobalSection
	GlobalSection(NestedProjects) = preSolution
		{F248E809-752A-4192-BD16-BCB22BA0A77F} = {F553F711-1614-48CB-A17F-38346B5FB158}
	EndGlobalSection
	GlobalSection(ExtensibilityGlobals) = postSolution
		SolutionGuid = {FA15EAC1-7737-46A9-9AE6-6D25A5CD34E0}
	EndGlobalSection
EndGlobal
