
Microsoft Visual Studio Solution File, Format Version 12.00
# Visual Studio 15
VisualStudioVersion = 15.0.28307.168
MinimumVisualStudioVersion = 10.0.40219.1
Project("{9A19103F-16F7-4668-BE54-9A1E7A4F7556}") = "IRO.Mvc.Core", "IRO.Mvc.Core\IRO.Mvc.Core.csproj", "{74B9A996-2F08-42EC-88E8-15BC226BB170}"
EndProject
Project("{9A19103F-16F7-4668-BE54-9A1E7A4F7556}") = "IRO.Mvc.CoolSwagger", "IRO.Mvc.CoolSwagger\IRO.Mvc.CoolSwagger.csproj", "{2100F5ED-8225-4986-8B11-E081AF3E020E}"
EndProject
Project("{9A19103F-16F7-4668-BE54-9A1E7A4F7556}") = "IRO.Mvc.MvcExceptionHandler", "IRO.Mvc.MvcExceptionHandler\IRO.Mvc.MvcExceptionHandler.csproj", "{CC3CD309-B619-47FD-B37B-D7453A974408}"
EndProject
Project("{9A19103F-16F7-4668-BE54-9A1E7A4F7556}") = "IRO.Mvc.PureBinding", "IRO.Mvc.PureBinding\IRO.Mvc.PureBinding.csproj", "{E314F491-E694-4E01-AC89-278ABE6B5A1F}"
EndProject
Project("{2150E333-8FDC-42A3-9474-1A3956D46DE8}") = "Tests", "Tests", "{50C0B1D4-72FB-4F12-B6C9-62CD88CFB53E}"
EndProject
Project("{9A19103F-16F7-4668-BE54-9A1E7A4F7556}") = "IRO_Tests.PureBindingsTest", "Tests\IRO_Tests.PureBindingsTest\IRO_Tests.PureBindingsTest.csproj", "{914C1631-89F0-43C8-8C7E-6149D6DACD0E}"
EndProject
Project("{9A19103F-16F7-4668-BE54-9A1E7A4F7556}") = "IRO_Tests.SwashbuckleTest", "Tests\IRO_Tests.SwashbuckleTest\IRO_Tests.SwashbuckleTest.csproj", "{A68A6623-C845-4ADC-A074-A99F51A7145B}"
EndProject
Project("{FAE04EC0-301F-11D3-BF4B-00C04F79EFBC}") = "IRO.Mvc", "IRO.Mvc\IRO.Mvc.csproj", "{8683C09F-1DD0-4E45-A14C-6A74C026EBB0}"
EndProject
Project("{FAE04EC0-301F-11D3-BF4B-00C04F79EFBC}") = "IRO.Mvc.PureBinding.SwaggerSupport", "IRO.Mvc.PureBinding.SwaggerSupport\IRO.Mvc.PureBinding.SwaggerSupport.csproj", "{E23A72A6-7970-4484-A32C-22EC4ABA7882}"
EndProject
Global
	GlobalSection(SolutionConfigurationPlatforms) = preSolution
		Debug|Any CPU = Debug|Any CPU
		Release|Any CPU = Release|Any CPU
	EndGlobalSection
	GlobalSection(ProjectConfigurationPlatforms) = postSolution
		{74B9A996-2F08-42EC-88E8-15BC226BB170}.Debug|Any CPU.ActiveCfg = Debug|Any CPU
		{74B9A996-2F08-42EC-88E8-15BC226BB170}.Debug|Any CPU.Build.0 = Debug|Any CPU
		{74B9A996-2F08-42EC-88E8-15BC226BB170}.Release|Any CPU.ActiveCfg = Release|Any CPU
		{74B9A996-2F08-42EC-88E8-15BC226BB170}.Release|Any CPU.Build.0 = Release|Any CPU
		{2100F5ED-8225-4986-8B11-E081AF3E020E}.Debug|Any CPU.ActiveCfg = Debug|Any CPU
		{2100F5ED-8225-4986-8B11-E081AF3E020E}.Debug|Any CPU.Build.0 = Debug|Any CPU
		{2100F5ED-8225-4986-8B11-E081AF3E020E}.Release|Any CPU.ActiveCfg = Release|Any CPU
		{2100F5ED-8225-4986-8B11-E081AF3E020E}.Release|Any CPU.Build.0 = Release|Any CPU
		{CC3CD309-B619-47FD-B37B-D7453A974408}.Debug|Any CPU.ActiveCfg = Debug|Any CPU
		{CC3CD309-B619-47FD-B37B-D7453A974408}.Debug|Any CPU.Build.0 = Debug|Any CPU
		{CC3CD309-B619-47FD-B37B-D7453A974408}.Release|Any CPU.ActiveCfg = Release|Any CPU
		{CC3CD309-B619-47FD-B37B-D7453A974408}.Release|Any CPU.Build.0 = Release|Any CPU
		{E314F491-E694-4E01-AC89-278ABE6B5A1F}.Debug|Any CPU.ActiveCfg = Debug|Any CPU
		{E314F491-E694-4E01-AC89-278ABE6B5A1F}.Debug|Any CPU.Build.0 = Debug|Any CPU
		{E314F491-E694-4E01-AC89-278ABE6B5A1F}.Release|Any CPU.ActiveCfg = Release|Any CPU
		{E314F491-E694-4E01-AC89-278ABE6B5A1F}.Release|Any CPU.Build.0 = Release|Any CPU
		{914C1631-89F0-43C8-8C7E-6149D6DACD0E}.Debug|Any CPU.ActiveCfg = Debug|Any CPU
		{914C1631-89F0-43C8-8C7E-6149D6DACD0E}.Debug|Any CPU.Build.0 = Debug|Any CPU
		{914C1631-89F0-43C8-8C7E-6149D6DACD0E}.Release|Any CPU.ActiveCfg = Release|Any CPU
		{914C1631-89F0-43C8-8C7E-6149D6DACD0E}.Release|Any CPU.Build.0 = Release|Any CPU
		{A68A6623-C845-4ADC-A074-A99F51A7145B}.Debug|Any CPU.ActiveCfg = Debug|Any CPU
		{A68A6623-C845-4ADC-A074-A99F51A7145B}.Debug|Any CPU.Build.0 = Debug|Any CPU
		{A68A6623-C845-4ADC-A074-A99F51A7145B}.Release|Any CPU.ActiveCfg = Release|Any CPU
		{A68A6623-C845-4ADC-A074-A99F51A7145B}.Release|Any CPU.Build.0 = Release|Any CPU
		{8683C09F-1DD0-4E45-A14C-6A74C026EBB0}.Debug|Any CPU.ActiveCfg = Debug|Any CPU
		{8683C09F-1DD0-4E45-A14C-6A74C026EBB0}.Debug|Any CPU.Build.0 = Debug|Any CPU
		{8683C09F-1DD0-4E45-A14C-6A74C026EBB0}.Release|Any CPU.ActiveCfg = Release|Any CPU
		{8683C09F-1DD0-4E45-A14C-6A74C026EBB0}.Release|Any CPU.Build.0 = Release|Any CPU
		{E23A72A6-7970-4484-A32C-22EC4ABA7882}.Debug|Any CPU.ActiveCfg = Debug|Any CPU
		{E23A72A6-7970-4484-A32C-22EC4ABA7882}.Debug|Any CPU.Build.0 = Debug|Any CPU
		{E23A72A6-7970-4484-A32C-22EC4ABA7882}.Release|Any CPU.ActiveCfg = Release|Any CPU
		{E23A72A6-7970-4484-A32C-22EC4ABA7882}.Release|Any CPU.Build.0 = Release|Any CPU
	EndGlobalSection
	GlobalSection(SolutionProperties) = preSolution
		HideSolutionNode = FALSE
	EndGlobalSection
	GlobalSection(NestedProjects) = preSolution
		{914C1631-89F0-43C8-8C7E-6149D6DACD0E} = {50C0B1D4-72FB-4F12-B6C9-62CD88CFB53E}
		{A68A6623-C845-4ADC-A074-A99F51A7145B} = {50C0B1D4-72FB-4F12-B6C9-62CD88CFB53E}
	EndGlobalSection
	GlobalSection(ExtensibilityGlobals) = postSolution
		SolutionGuid = {23B61A4A-E4FB-4479-8D40-7274D674CA93}
	EndGlobalSection
EndGlobal
