
Microsoft Visual Studio Solution File, Format Version 12.00
# Visual Studio 15
VisualStudioVersion = 15.0.28307.168
MinimumVisualStudioVersion = 10.0.40219.1
Project("{9A19103F-16F7-4668-BE54-9A1E7A4F7556}") = "IRO.CustomIoc", "IRO.CustomIoc\IRO.CustomIoc.csproj", "{4C14D8BE-B27F-4F9F-B45C-13F555685190}"
EndProject

Project("{2150E333-8FDC-42A3-9474-1A3956D46DE8}") = "build", "build", "{89473878-A5C0-46DB-B734-98B04539D3B5}"
	ProjectSection(SolutionItems) = preProject
		Build\Local.Base.props = Build\Local.Base.props
		Build\Local.NetStandard.props = Build\Local.NetStandard.props
	EndProjectSection
EndProject
Global
	GlobalSection(SolutionConfigurationPlatforms) = preSolution
		Debug|Any CPU = Debug|Any CPU
		Release|Any CPU = Release|Any CPU
	EndGlobalSection
	GlobalSection(ProjectConfigurationPlatforms) = postSolution
		{4C14D8BE-B27F-4F9F-B45C-13F555685190}.Debug|Any CPU.ActiveCfg = Debug|Any CPU
		{4C14D8BE-B27F-4F9F-B45C-13F555685190}.Debug|Any CPU.Build.0 = Debug|Any CPU
		{4C14D8BE-B27F-4F9F-B45C-13F555685190}.Release|Any CPU.ActiveCfg = Release|Any CPU
		{4C14D8BE-B27F-4F9F-B45C-13F555685190}.Release|Any CPU.Build.0 = Release|Any CPU
	EndGlobalSection
	GlobalSection(SolutionProperties) = preSolution
		HideSolutionNode = FALSE
	EndGlobalSection
	GlobalSection(ExtensibilityGlobals) = postSolution
		SolutionGuid = {C3010C15-B427-4845-8537-40D5F9B193B1}
	EndGlobalSection
EndGlobal
