
Microsoft Visual Studio Solution File, Format Version 12.00
# Visual Studio 15
VisualStudioVersion = 15.0.28307.168
MinimumVisualStudioVersion = 10.0.40219.1
Project("{9A19103F-16F7-4668-BE54-9A1E7A4F7556}") = "IRO.Common", "IRO.Common\IRO.Common.csproj", "{2820BD15-5CAA-4190-AE59-3EF1F1ABF67B}"
EndProject
Project("{9A19103F-16F7-4668-BE54-9A1E7A4F7556}") = "IRO_Tests.AlgorithmsTest", "Tests\IRO_Tests.AlgorithmsTest\IRO_Tests.AlgorithmsTest.csproj", "{0FA63731-C833-403A-88F1-0029BF34ACF1}"
EndProject
Project("{2150E333-8FDC-42A3-9474-1A3956D46DE8}") = "tests", "tests", "{53691452-2A49-4820-B7C2-9FE34CB76253}"
EndProject
Project("{2150E333-8FDC-42A3-9474-1A3956D46DE8}") = "build", "build", "{89473878-A5C0-46DB-B734-98B04539D3B5}"
	ProjectSection(SolutionItems) = preProject
		Build\Local.AfterBuild.props = Build\Local.AfterBuild.props
		build\Local.BeforeBuild.props = build\Local.BeforeBuild.props
	EndProjectSection
EndProject
Global
	GlobalSection(SolutionConfigurationPlatforms) = preSolution
		Debug|Any CPU = Debug|Any CPU
		Release|Any CPU = Release|Any CPU
	EndGlobalSection
	GlobalSection(ProjectConfigurationPlatforms) = postSolution
		{2820BD15-5CAA-4190-AE59-3EF1F1ABF67B}.Debug|Any CPU.ActiveCfg = Debug|Any CPU
		{2820BD15-5CAA-4190-AE59-3EF1F1ABF67B}.Debug|Any CPU.Build.0 = Debug|Any CPU
		{2820BD15-5CAA-4190-AE59-3EF1F1ABF67B}.Release|Any CPU.ActiveCfg = Release|Any CPU
		{2820BD15-5CAA-4190-AE59-3EF1F1ABF67B}.Release|Any CPU.Build.0 = Release|Any CPU
		{0FA63731-C833-403A-88F1-0029BF34ACF1}.Debug|Any CPU.ActiveCfg = Debug|Any CPU
		{0FA63731-C833-403A-88F1-0029BF34ACF1}.Debug|Any CPU.Build.0 = Debug|Any CPU
		{0FA63731-C833-403A-88F1-0029BF34ACF1}.Release|Any CPU.ActiveCfg = Release|Any CPU
		{0FA63731-C833-403A-88F1-0029BF34ACF1}.Release|Any CPU.Build.0 = Release|Any CPU
	EndGlobalSection
	GlobalSection(SolutionProperties) = preSolution
		HideSolutionNode = FALSE
	EndGlobalSection
	GlobalSection(NestedProjects) = preSolution
		{0FA63731-C833-403A-88F1-0029BF34ACF1} = {53691452-2A49-4820-B7C2-9FE34CB76253}
	EndGlobalSection
	GlobalSection(ExtensibilityGlobals) = postSolution
		SolutionGuid = {8F1FBE06-3942-4925-AACD-C9D4C7EE619B}
	EndGlobalSection
EndGlobal
